PODS:
  - Alamofire (5.4.2)
  - CheckoutEventLoggerKit (1.0.1)
  - Frames (3.4.1):
    - Alamofire (~> 5.4.0)
    - CheckoutEventLoggerKit (~> 1.0.1)
    - PhoneNumberKit (~> 3.3.0)
  - Frames/Tests (3.4.1):
    - Alamofire (~> 5.4.0)
    - CheckoutEventLoggerKit (~> 1.0.1)
    - Mockingjay (~> 3.0.0-alpha.1)
    - PhoneNumberKit (~> 3.3.0)
  - Mockingjay (3.0.0-alpha.1):
    - Mockingjay/Core (= 3.0.0-alpha.1)
    - Mockingjay/XCTest (= 3.0.0-alpha.1)
  - Mockingjay/Core (3.0.0-alpha.1):
    - URITemplate (~> 3.0)
  - Mockingjay/XCTest (3.0.0-alpha.1):
    - Mockingjay/Core
  - PhoneNumberKit (3.3.3):
    - PhoneNumberKit/PhoneNumberKitCore (= 3.3.3)
    - PhoneNumberKit/UIKit (= 3.3.3)
  - PhoneNumberKit/PhoneNumberKitCore (3.3.3)
  - PhoneNumberKit/UIKit (3.3.3):
    - PhoneNumberKit/PhoneNumberKitCore
  - URITemplate (3.0.0)

DEPENDENCIES:
  - Frames (from `../`)
  - Frames/Tests (from `../`)

SPEC REPOS:
  trunk:
    - Alamofire
    - CheckoutEventLoggerKit
    - Mockingjay
    - PhoneNumberKit
    - URITemplate

EXTERNAL SOURCES:
  Frames:
    :path: "../"

SPEC CHECKSUMS:
  Alamofire: bfbc4c2fe5909b1d94fb4ef2277c6b3727ef5dae
  CheckoutEventLoggerKit: 620527c7a1dc4efcc48460cde3fe8fa93e684148
  Frames: a870d85ab226179380f5d1c5fbb7f7d760118dea
  Mockingjay: 0f7c5aa49c7f1b95621cee3c79b557141f5a225c
  PhoneNumberKit: 4ce83273551c4d2ae10b7361162f4283dd02835f
  URITemplate: 58e0d47f967006c5d59888af5356c4a8ed3b197d

PODFILE CHECKSUM: 0935f6adf6dbf24cd1aebd515551bbce53bef8e5

COCOAPODS: 1.10.0
