PODS:
  - Checkout (3.5.3):
    - CheckoutEventLoggerKit (= 1.2.0)
  - Checkout/Tests (3.5.3):
    - CheckoutEventLoggerKit (= 1.2.0)
  - CheckoutEventLoggerKit (1.2.0)
  - Frames (3.5.3):
    - Checkout (= 3.5.3)
    - CheckoutEventLoggerKit (= 1.2.0)
    - PhoneNumberKit (= 3.3.3)
  - Frames/Tests (3.5.3):
    - Checkout (= 3.5.3)
    - CheckoutEventLoggerKit (= 1.2.0)
    - PhoneNumberKit (= 3.3.3)
  - PhoneNumberKit (3.3.3):
    - PhoneNumberKit/PhoneNumberKitCore (= 3.3.3)
    - PhoneNumberKit/UIKit (= 3.3.3)
  - PhoneNumberKit/PhoneNumberKitCore (3.3.3)
  - PhoneNumberKit/UIKit (3.3.3):
    - PhoneNumberKit/PhoneNumberKitCore

DEPENDENCIES:
  - Checkout (from `../`)
  - Checkout/Tests (from `../`)
  - Frames (from `../`)
  - Frames/Tests (from `../`)

SPEC REPOS:
  trunk:
    - CheckoutEventLoggerKit
    - PhoneNumberKit

EXTERNAL SOURCES:
  Checkout:
    :path: "../"
  Frames:
    :path: "../"

SPEC CHECKSUMS:
  Checkout: ab80edf6f4bede430527c23ce36fbdc4c93be314
  CheckoutEventLoggerKit: 03d0076e2aa412df966517a36a3e4e3805b56ecb
  Frames: 131b3bfe0d02f74838363a06d6f9293e1a4ad183
  PhoneNumberKit: 4ce83273551c4d2ae10b7361162f4283dd02835f

PODFILE CHECKSUM: 61ae4bcbe8d7a244d5e684049d5905ae5408b21d

COCOAPODS: 1.11.3
