PODS:
  - Checkout (4.5.0):
    - CheckoutEventLoggerKit (~> 1.2.4)
    - Risk (~> 6.0.1)
  - CheckoutEventLoggerKit (1.2.4)
  - FingerprintJS (1.7.0):
    - FingerprintJS/Core (= 1.7.0)
  - FingerprintJS/Core (1.7.0):
    - FingerprintJS/SystemControl
  - FingerprintJS/SystemControl (1.7.0)
  - FingerprintPro (2.17.2)
  - Risk (6.0.1):
    - CheckoutEventLoggerKit (~> 1.2.4)
    - FingerprintJS (< 2.0.0, >= 1.7.0)
    - FingerprintPro (< 3.0.0, >= 2.12.0)

DEPENDENCIES:
  - Checkout (from `../../../`)

SPEC REPOS:
  trunk:
    - CheckoutEventLoggerKit
    - FingerprintJS
    - FingerprintPro
    - Risk

EXTERNAL SOURCES:
  Checkout:
    :path: "../../../"

SPEC CHECKSUMS:
  Checkout: e209a32fdbc31fc2e30dc70baf54ca73aaa70f27
  CheckoutEventLoggerKit: b780dec46295a34942780ea6230d0d5fd08aa05a
  FingerprintJS: afb6185cf6951b60adc334f41d63e2e0a520bcf4
  FingerprintPro: 9a703bc7fb00413ffe5624bcbb07b62129f00ab6
  Risk: 9fc0f6688a284ab40d41b1c5ac8301b62c4dc53c

PODFILE CHECKSUM: 36c08580c11dc09229142a4df18cbb3b7682087d

COCOAPODS: 1.17.0
