PODS:
  - Checkout (4.1.1):
    - CheckoutEventLoggerKit (~> 1.2.4)
  - CheckoutEventLoggerKit (1.2.4)

DEPENDENCIES:
  - Checkout (~> 4.0)

SPEC REPOS:
  trunk:
    - Checkout
    - CheckoutEventLoggerKit

SPEC CHECKSUMS:
  Checkout: d54d720654c18a2d0c3666acbd1752e8a3c455fc
  CheckoutEventLoggerKit: b780dec46295a34942780ea6230d0d5fd08aa05a

PODFILE CHECKSUM: 4ba1f8758ad74e15c9805de325a88bc4f977165e

COCOAPODS: 1.12.1
