PODS:
  - Alamofire (5.4.1)
  - CheckoutEventLoggerKit (1.0.3)
  - Frames (3.4.2):
    - Alamofire (~> 5.4.0)
    - CheckoutEventLoggerKit (~> 1.0.2)
    - PhoneNumberKit (~> 3.3.0)
  - Frames/Tests (3.4.2):
    - Alamofire (~> 5.4.0)
    - CheckoutEventLoggerKit (~> 1.0.2)
    - Mockingjay (~> 3.0.0-alpha.1)
    - PhoneNumberKit (~> 3.3.0)
  - Mockingjay (3.0.0-alpha.1):
    - Mockingjay/Core (= 3.0.0-alpha.1)
    - Mockingjay/XCTest (= 3.0.0-alpha.1)
  - Mockingjay/Core (3.0.0-alpha.1):
    - URITemplate (~> 3.0)
  - Mockingjay/XCTest (3.0.0-alpha.1):
    - Mockingjay/Core
  - PhoneNumberKit (3.3.3):
    - PhoneNumberKit/PhoneNumberKitCore (= 3.3.3)
    - PhoneNumberKit/UIKit (= 3.3.3)
  - PhoneNumberKit/PhoneNumberKitCore (3.3.3)
  - PhoneNumberKit/UIKit (3.3.3):
    - PhoneNumberKit/PhoneNumberKitCore
  - URITemplate (3.0.0)

DEPENDENCIES:
  - Frames (from `../`)
  - Frames/Tests (from `../`)

SPEC REPOS:
  trunk:
    - Alamofire
    - CheckoutEventLoggerKit
    - Mockingjay
    - PhoneNumberKit
    - URITemplate

EXTERNAL SOURCES:
  Frames:
    :path: "../"

SPEC CHECKSUMS:
  Alamofire: 2291f7d21ca607c491dd17642e5d40fdcda0e65c
  CheckoutEventLoggerKit: 9a5aabfc739e5a75fb28da83ea1e0aae4a13d254
  Frames: d9e4657c8c8aba84e4f533814eae39053226889a
  Mockingjay: 0f7c5aa49c7f1b95621cee3c79b557141f5a225c
  PhoneNumberKit: 4ce83273551c4d2ae10b7361162f4283dd02835f
  URITemplate: 58e0d47f967006c5d59888af5356c4a8ed3b197d

PODFILE CHECKSUM: 4b8a487f75d7fdfebcde2dce97cf05767a5f728e

COCOAPODS: 1.10.0
