// !$*UTF8*$!
{
	archiveVersion = 1;
	classes = {
	};
	objectVersion = 55;
	objects = {

/* Begin PBXBuildFile section */
		CA1385EDBD5A3E8178AD629F /* libPods-CheckoutCocoapodsSample.a in Frameworks */ = {isa = PBXBuildFile; fileRef = 124A426A501A28E8FC335C87 /* libPods-CheckoutCocoapodsSample.a */; };
		CB05A8E1277215540086DDA0 /* ViewController.swift in Sources */ = {isa = PBXBuildFile; fileRef = CB05A8C6277215540086DDA0 /* ViewController.swift */; };
		CB05A8E2277215540086DDA0 /* LaunchScreen.storyboard in Resources */ = {isa = PBXBuildFile; fileRef = CB05A8C7277215540086DDA0 /* LaunchScreen.storyboard */; };
		CB05A8E3277215540086DDA0 /* SampleAppError.swift in Sources */ = {isa = PBXBuildFile; fileRef = CB05A8C8277215540086DDA0 /* SampleAppError.swift */; };
		CB05A8E4277215540086DDA0 /* Assets.xcassets in Resources */ = {isa = PBXBuildFile; fileRef = CB05A8C9277215540086DDA0 /* Assets.xcassets */; };
		CB05A8E5277215540086DDA0 /* Main.storyboard in Resources */ = {isa = PBXBuildFile; fileRef = CB05A8CA277215540086DDA0 /* Main.storyboard */; };
		CB05A8E6277215540086DDA0 /* AppDelegate.swift in Sources */ = {isa = PBXBuildFile; fileRef = CB05A8CB277215540086DDA0 /* AppDelegate.swift */; };
		CB05A8E7277215540086DDA0 /* ButtonsTableViewCell.swift in Sources */ = {isa = PBXBuildFile; fileRef = CB05A8CE277215540086DDA0 /* ButtonsTableViewCell.swift */; };
		CB05A8E8277215540086DDA0 /* ButtonsTableViewCell.xib in Resources */ = {isa = PBXBuildFile; fileRef = CB05A8CF277215540086DDA0 /* ButtonsTableViewCell.xib */; };
		CB05A8E9277215540086DDA0 /* CardTokenizationViewController.xib in Resources */ = {isa = PBXBuildFile; fileRef = CB05A8D0277215540086DDA0 /* CardTokenizationViewController.xib */; };
		CB05A8EA277215540086DDA0 /* CardModel.swift in Sources */ = {isa = PBXBuildFile; fileRef = CB05A8D1277215540086DDA0 /* CardModel.swift */; };
		CB05A8EB277215540086DDA0 /* CardTokenizationViewController.swift in Sources */ = {isa = PBXBuildFile; fileRef = CB05A8D2277215540086DDA0 /* CardTokenizationViewController.swift */; };
		CB05A8EC277215540086DDA0 /* CardDetailsTableViewCell.swift in Sources */ = {isa = PBXBuildFile; fileRef = CB05A8D4277215540086DDA0 /* CardDetailsTableViewCell.swift */; };
		CB05A8ED277215540086DDA0 /* CardDetailsTableViewCell.xib in Resources */ = {isa = PBXBuildFile; fileRef = CB05A8D5277215540086DDA0 /* CardDetailsTableViewCell.xib */; };
		CB05A8EE277215540086DDA0 /* SelectSchemeViewController.xib in Resources */ = {isa = PBXBuildFile; fileRef = CB05A8D7277215540086DDA0 /* SelectSchemeViewController.xib */; };
		CB05A8EF277215540086DDA0 /* SelectSchemeViewController.swift in Sources */ = {isa = PBXBuildFile; fileRef = CB05A8D8277215540086DDA0 /* SelectSchemeViewController.swift */; };
		CB05A8F0277215540086DDA0 /* SavedCardTableViewCell.xib in Resources */ = {isa = PBXBuildFile; fileRef = CB05A8DA277215540086DDA0 /* SavedCardTableViewCell.xib */; };
		CB05A8F1277215540086DDA0 /* SavedCardsViewController.swift in Sources */ = {isa = PBXBuildFile; fileRef = CB05A8DB277215540086DDA0 /* SavedCardsViewController.swift */; };
		CB05A8F2277215540086DDA0 /* SavedCardsViewController.xib in Resources */ = {isa = PBXBuildFile; fileRef = CB05A8DC277215540086DDA0 /* SavedCardsViewController.xib */; };
		CB05A8F3277215540086DDA0 /* SavedCardTableViewCell.swift in Sources */ = {isa = PBXBuildFile; fileRef = CB05A8DD277215540086DDA0 /* SavedCardTableViewCell.swift */; };
		CB05A8F4277215540086DDA0 /* CardTokenisationViewController+ViewModel.swift in Sources */ = {isa = PBXBuildFile; fileRef = CB05A8DE277215540086DDA0 /* CardTokenisationViewController+ViewModel.swift */; };
		CB05A8F6277215540086DDA0 /* SceneDelegate.swift in Sources */ = {isa = PBXBuildFile; fileRef = CB05A8E0277215540086DDA0 /* SceneDelegate.swift */; };
		CB0D976A27BEA7AA0032A351 /* NoTextEntryUITextFieldHelper.swift in Sources */ = {isa = PBXBuildFile; fileRef = CB0D976927BEA7AA0032A351 /* NoTextEntryUITextFieldHelper.swift */; };
		CB23C14D271DC86200F68C0E /* Test.swift in Sources */ = {isa = PBXBuildFile; fileRef = CB23C14B271DC7DF00F68C0E /* Test.swift */; };
		CB2E7C3227B2CF9800E4C0FB /* ExpirationDatePicker.swift in Sources */ = {isa = PBXBuildFile; fileRef = CB2E7C3127B2CF9800E4C0FB /* ExpirationDatePicker.swift */; };
		CB44CFE127BBB04B0008EC96 /* Timezone+utc.swift in Sources */ = {isa = PBXBuildFile; fileRef = CB44CFE027BBB04A0008EC96 /* Timezone+utc.swift */; };
		CBCA150F282BCADA00691796 /* CardNumberTextFieldDelegateHelper.swift in Sources */ = {isa = PBXBuildFile; fileRef = CBCA150E282BCADA00691796 /* CardNumberTextFieldDelegateHelper.swift */; };
		CBCA394C27CFD73900577460 /* ThreeDSViewController.swift in Sources */ = {isa = PBXBuildFile; fileRef = CBCA394A27CFD73900577460 /* ThreeDSViewController.swift */; };
		CBCA394D27CFD73900577460 /* ThreeDSViewController.xib in Resources */ = {isa = PBXBuildFile; fileRef = CBCA394B27CFD73900577460 /* ThreeDSViewController.xib */; };
		CBCA394F27CFD76D00577460 /* UIColor+CKO.swift in Sources */ = {isa = PBXBuildFile; fileRef = CBCA394E27CFD76D00577460 /* UIColor+CKO.swift */; };
		CBCA395427CFD80200577460 /* WebViewController.swift in Sources */ = {isa = PBXBuildFile; fileRef = CBCA395327CFD80200577460 /* WebViewController.swift */; };
		EBADD18FE80B72F9AFDAB123 /* libPods-CheckoutCocoapodsSample-CheckoutCocoapodsSampleUITests.a in Frameworks */ = {isa = PBXBuildFile; fileRef = 6BBCD58885B11DB64B04E69C /* libPods-CheckoutCocoapodsSample-CheckoutCocoapodsSampleUITests.a */; };
/* End PBXBuildFile section */

/* Begin PBXContainerItemProxy section */
		CB7E989B271DC52C00B1A0F4 /* PBXContainerItemProxy */ = {
			isa = PBXContainerItemProxy;
			containerPortal = CB7E9872271DC52800B1A0F4 /* Project object */;
			proxyType = 1;
			remoteGlobalIDString = CB7E9879271DC52800B1A0F4;
			remoteInfo = CheckoutSDKCocoapodsSample;
		};
/* End PBXContainerItemProxy section */

/* Begin PBXFileReference section */
		124A426A501A28E8FC335C87 /* libPods-CheckoutCocoapodsSample.a */ = {isa = PBXFileReference; explicitFileType = archive.ar; includeInIndex = 0; path = "libPods-CheckoutCocoapodsSample.a"; sourceTree = BUILT_PRODUCTS_DIR; };
		454CE621FE77F7ACB6C85794 /* Pods-CheckoutCocoapodsSample-CheckoutCocoapodsSampleUITests.release.xcconfig */ = {isa = PBXFileReference; includeInIndex = 1; lastKnownFileType = text.xcconfig; name = "Pods-CheckoutCocoapodsSample-CheckoutCocoapodsSampleUITests.release.xcconfig"; path = "Target Support Files/Pods-CheckoutCocoapodsSample-CheckoutCocoapodsSampleUITests/Pods-CheckoutCocoapodsSample-CheckoutCocoapodsSampleUITests.release.xcconfig"; sourceTree = "<group>"; };
		6BBCD58885B11DB64B04E69C /* libPods-CheckoutCocoapodsSample-CheckoutCocoapodsSampleUITests.a */ = {isa = PBXFileReference; explicitFileType = archive.ar; includeInIndex = 0; path = "libPods-CheckoutCocoapodsSample-CheckoutCocoapodsSampleUITests.a"; sourceTree = BUILT_PRODUCTS_DIR; };
		893793AF9E53B2ABD244E8EC /* Pods-CheckoutCocoapodsSample.debug.xcconfig */ = {isa = PBXFileReference; includeInIndex = 1; lastKnownFileType = text.xcconfig; name = "Pods-CheckoutCocoapodsSample.debug.xcconfig"; path = "Target Support Files/Pods-CheckoutCocoapodsSample/Pods-CheckoutCocoapodsSample.debug.xcconfig"; sourceTree = "<group>"; };
		CA00D67CD5F7E3492E2DFBDE /* Pods-CheckoutCocoapodsSample-CheckoutCocoapodsSampleUITests.debug.xcconfig */ = {isa = PBXFileReference; includeInIndex = 1; lastKnownFileType = text.xcconfig; name = "Pods-CheckoutCocoapodsSample-CheckoutCocoapodsSampleUITests.debug.xcconfig"; path = "Target Support Files/Pods-CheckoutCocoapodsSample-CheckoutCocoapodsSampleUITests/Pods-CheckoutCocoapodsSample-CheckoutCocoapodsSampleUITests.debug.xcconfig"; sourceTree = "<group>"; };
		CB05A8C6277215540086DDA0 /* ViewController.swift */ = {isa = PBXFileReference; fileEncoding = 4; lastKnownFileType = sourcecode.swift; path = ViewController.swift; sourceTree = "<group>"; };
		CB05A8C7277215540086DDA0 /* LaunchScreen.storyboard */ = {isa = PBXFileReference; fileEncoding = 4; lastKnownFileType = file.storyboard; path = LaunchScreen.storyboard; sourceTree = "<group>"; };
		CB05A8C8277215540086DDA0 /* SampleAppError.swift */ = {isa = PBXFileReference; fileEncoding = 4; lastKnownFileType = sourcecode.swift; path = SampleAppError.swift; sourceTree = "<group>"; };
		CB05A8C9277215540086DDA0 /* Assets.xcassets */ = {isa = PBXFileReference; lastKnownFileType = folder.assetcatalog; path = Assets.xcassets; sourceTree = "<group>"; };
		CB05A8CA277215540086DDA0 /* Main.storyboard */ = {isa = PBXFileReference; fileEncoding = 4; lastKnownFileType = file.storyboard; path = Main.storyboard; sourceTree = "<group>"; };
		CB05A8CB277215540086DDA0 /* AppDelegate.swift */ = {isa = PBXFileReference; fileEncoding = 4; lastKnownFileType = sourcecode.swift; path = AppDelegate.swift; sourceTree = "<group>"; };
		CB05A8CE277215540086DDA0 /* ButtonsTableViewCell.swift */ = {isa = PBXFileReference; fileEncoding = 4; lastKnownFileType = sourcecode.swift; path = ButtonsTableViewCell.swift; sourceTree = "<group>"; };
		CB05A8CF277215540086DDA0 /* ButtonsTableViewCell.xib */ = {isa = PBXFileReference; fileEncoding = 4; lastKnownFileType = file.xib; path = ButtonsTableViewCell.xib; sourceTree = "<group>"; };
		CB05A8D0277215540086DDA0 /* CardTokenizationViewController.xib */ = {isa = PBXFileReference; fileEncoding = 4; lastKnownFileType = file.xib; path = CardTokenizationViewController.xib; sourceTree = "<group>"; };
		CB05A8D1277215540086DDA0 /* CardModel.swift */ = {isa = PBXFileReference; fileEncoding = 4; lastKnownFileType = sourcecode.swift; path = CardModel.swift; sourceTree = "<group>"; };
		CB05A8D2277215540086DDA0 /* CardTokenizationViewController.swift */ = {isa = PBXFileReference; fileEncoding = 4; lastKnownFileType = sourcecode.swift; path = CardTokenizationViewController.swift; sourceTree = "<group>"; };
		CB05A8D4277215540086DDA0 /* CardDetailsTableViewCell.swift */ = {isa = PBXFileReference; fileEncoding = 4; lastKnownFileType = sourcecode.swift; path = CardDetailsTableViewCell.swift; sourceTree = "<group>"; };
		CB05A8D5277215540086DDA0 /* CardDetailsTableViewCell.xib */ = {isa = PBXFileReference; fileEncoding = 4; lastKnownFileType = file.xib; path = CardDetailsTableViewCell.xib; sourceTree = "<group>"; };
		CB05A8D7277215540086DDA0 /* SelectSchemeViewController.xib */ = {isa = PBXFileReference; fileEncoding = 4; lastKnownFileType = file.xib; path = SelectSchemeViewController.xib; sourceTree = "<group>"; };
		CB05A8D8277215540086DDA0 /* SelectSchemeViewController.swift */ = {isa = PBXFileReference; fileEncoding = 4; lastKnownFileType = sourcecode.swift; path = SelectSchemeViewController.swift; sourceTree = "<group>"; };
		CB05A8DA277215540086DDA0 /* SavedCardTableViewCell.xib */ = {isa = PBXFileReference; fileEncoding = 4; lastKnownFileType = file.xib; path = SavedCardTableViewCell.xib; sourceTree = "<group>"; };
		CB05A8DB277215540086DDA0 /* SavedCardsViewController.swift */ = {isa = PBXFileReference; fileEncoding = 4; lastKnownFileType = sourcecode.swift; path = SavedCardsViewController.swift; sourceTree = "<group>"; };
		CB05A8DC277215540086DDA0 /* SavedCardsViewController.xib */ = {isa = PBXFileReference; fileEncoding = 4; lastKnownFileType = file.xib; path = SavedCardsViewController.xib; sourceTree = "<group>"; };
		CB05A8DD277215540086DDA0 /* SavedCardTableViewCell.swift */ = {isa = PBXFileReference; fileEncoding = 4; lastKnownFileType = sourcecode.swift; path = SavedCardTableViewCell.swift; sourceTree = "<group>"; };
		CB05A8DE277215540086DDA0 /* CardTokenisationViewController+ViewModel.swift */ = {isa = PBXFileReference; fileEncoding = 4; lastKnownFileType = sourcecode.swift; path = "CardTokenisationViewController+ViewModel.swift"; sourceTree = "<group>"; };
		CB05A8DF277215540086DDA0 /* Info.plist */ = {isa = PBXFileReference; fileEncoding = 4; lastKnownFileType = text.plist.xml; path = Info.plist; sourceTree = "<group>"; };
		CB05A8E0277215540086DDA0 /* SceneDelegate.swift */ = {isa = PBXFileReference; fileEncoding = 4; lastKnownFileType = sourcecode.swift; path = SceneDelegate.swift; sourceTree = "<group>"; };
		CB0D976927BEA7AA0032A351 /* NoTextEntryUITextFieldHelper.swift */ = {isa = PBXFileReference; fileEncoding = 4; lastKnownFileType = sourcecode.swift; path = NoTextEntryUITextFieldHelper.swift; sourceTree = "<group>"; };
		CB23C14B271DC7DF00F68C0E /* Test.swift */ = {isa = PBXFileReference; fileEncoding = 4; lastKnownFileType = sourcecode.swift; name = Test.swift; path = ../Sample/Test/Test.swift; sourceTree = "<group>"; };
		CB2E7C3127B2CF9800E4C0FB /* ExpirationDatePicker.swift */ = {isa = PBXFileReference; lastKnownFileType = sourcecode.swift; path = ExpirationDatePicker.swift; sourceTree = "<group>"; };
		CB44CFE027BBB04A0008EC96 /* Timezone+utc.swift */ = {isa = PBXFileReference; lastKnownFileType = sourcecode.swift; path = "Timezone+utc.swift"; sourceTree = "<group>"; };
		CB7E987A271DC52800B1A0F4 /* CheckoutCocoapodsSample.app */ = {isa = PBXFileReference; explicitFileType = wrapper.application; includeInIndex = 0; path = CheckoutCocoapodsSample.app; sourceTree = BUILT_PRODUCTS_DIR; };
		CB7E989A271DC52C00B1A0F4 /* CheckoutCocoapodsSampleUITests.xctest */ = {isa = PBXFileReference; explicitFileType = wrapper.cfbundle; includeInIndex = 0; path = CheckoutCocoapodsSampleUITests.xctest; sourceTree = BUILT_PRODUCTS_DIR; };
		CBCA150E282BCADA00691796 /* CardNumberTextFieldDelegateHelper.swift */ = {isa = PBXFileReference; fileEncoding = 4; lastKnownFileType = sourcecode.swift; path = CardNumberTextFieldDelegateHelper.swift; sourceTree = "<group>"; };
		CBCA394A27CFD73900577460 /* ThreeDSViewController.swift */ = {isa = PBXFileReference; fileEncoding = 4; lastKnownFileType = sourcecode.swift; path = ThreeDSViewController.swift; sourceTree = "<group>"; };
		CBCA394B27CFD73900577460 /* ThreeDSViewController.xib */ = {isa = PBXFileReference; fileEncoding = 4; lastKnownFileType = file.xib; path = ThreeDSViewController.xib; sourceTree = "<group>"; };
		CBCA394E27CFD76D00577460 /* UIColor+CKO.swift */ = {isa = PBXFileReference; fileEncoding = 4; lastKnownFileType = sourcecode.swift; path = "UIColor+CKO.swift"; sourceTree = "<group>"; };
		CBCA395327CFD80200577460 /* WebViewController.swift */ = {isa = PBXFileReference; fileEncoding = 4; lastKnownFileType = sourcecode.swift; path = WebViewController.swift; sourceTree = "<group>"; };
		D81DBA5CB38332B60D21D4EE /* Pods-CheckoutCocoapodsSample.release.xcconfig */ = {isa = PBXFileReference; includeInIndex = 1; lastKnownFileType = text.xcconfig; name = "Pods-CheckoutCocoapodsSample.release.xcconfig"; path = "Target Support Files/Pods-CheckoutCocoapodsSample/Pods-CheckoutCocoapodsSample.release.xcconfig"; sourceTree = "<group>"; };
/* End PBXFileReference section */

/* Begin PBXFrameworksBuildPhase section */
		CB7E9877271DC52800B1A0F4 /* Frameworks */ = {
			isa = PBXFrameworksBuildPhase;
			buildActionMask = 2147483647;
			files = (
				CA1385EDBD5A3E8178AD629F /* libPods-CheckoutCocoapodsSample.a in Frameworks */,
			);
			runOnlyForDeploymentPostprocessing = 0;
		};
		CB7E9897271DC52C00B1A0F4 /* Frameworks */ = {
			isa = PBXFrameworksBuildPhase;
			buildActionMask = 2147483647;
			files = (
				EBADD18FE80B72F9AFDAB123 /* libPods-CheckoutCocoapodsSample-CheckoutCocoapodsSampleUITests.a in Frameworks */,
			);
			runOnlyForDeploymentPostprocessing = 0;
		};
/* End PBXFrameworksBuildPhase section */

/* Begin PBXGroup section */
		8943F9A38D5CFFB350D79E0E /* Pods */ = {
			isa = PBXGroup;
			children = (
				893793AF9E53B2ABD244E8EC /* Pods-CheckoutCocoapodsSample.debug.xcconfig */,
				D81DBA5CB38332B60D21D4EE /* Pods-CheckoutCocoapodsSample.release.xcconfig */,
				CA00D67CD5F7E3492E2DFBDE /* Pods-CheckoutCocoapodsSample-CheckoutCocoapodsSampleUITests.debug.xcconfig */,
				454CE621FE77F7ACB6C85794 /* Pods-CheckoutCocoapodsSample-CheckoutCocoapodsSampleUITests.release.xcconfig */,
			);
			path = Pods;
			sourceTree = "<group>";
		};
		CB05A8C5277215540086DDA0 /* Source */ = {
			isa = PBXGroup;
			children = (
				CBCA394E27CFD76D00577460 /* UIColor+CKO.swift */,
				CBCA394927CFD73900577460 /* 3DS */,
				CB05A8C6277215540086DDA0 /* ViewController.swift */,
				CB05A8C7277215540086DDA0 /* LaunchScreen.storyboard */,
				CB05A8C8277215540086DDA0 /* SampleAppError.swift */,
				CB05A8C9277215540086DDA0 /* Assets.xcassets */,
				CB05A8CA277215540086DDA0 /* Main.storyboard */,
				CB05A8CB277215540086DDA0 /* AppDelegate.swift */,
				CB05A8CC277215540086DDA0 /* Card Tokenisation */,
				CB05A8DF277215540086DDA0 /* Info.plist */,
				CB05A8E0277215540086DDA0 /* SceneDelegate.swift */,
				CB44CFE027BBB04A0008EC96 /* Timezone+utc.swift */,
			);
			name = Source;
			path = ../Sample/Source;
			sourceTree = "<group>";
		};
		CB05A8CC277215540086DDA0 /* Card Tokenisation */ = {
			isa = PBXGroup;
			children = (
				CBCA150E282BCADA00691796 /* CardNumberTextFieldDelegateHelper.swift */,
				CB05A8CD277215540086DDA0 /* Buttons Table View Cell */,
				CB05A8D0277215540086DDA0 /* CardTokenizationViewController.xib */,
				CB05A8D1277215540086DDA0 /* CardModel.swift */,
				CB05A8D2277215540086DDA0 /* CardTokenizationViewController.swift */,
				CB05A8D3277215540086DDA0 /* Card Details */,
				CB05A8D6277215540086DDA0 /* Select Scheme */,
				CB05A8D9277215540086DDA0 /* Saved Cards */,
				CB05A8DE277215540086DDA0 /* CardTokenisationViewController+ViewModel.swift */,
			);
			path = "Card Tokenisation";
			sourceTree = "<group>";
		};
		CB05A8CD277215540086DDA0 /* Buttons Table View Cell */ = {
			isa = PBXGroup;
			children = (
				CB05A8CE277215540086DDA0 /* ButtonsTableViewCell.swift */,
				CB05A8CF277215540086DDA0 /* ButtonsTableViewCell.xib */,
			);
			path = "Buttons Table View Cell";
			sourceTree = "<group>";
		};
		CB05A8D3277215540086DDA0 /* Card Details */ = {
			isa = PBXGroup;
			children = (
				CB0D976927BEA7AA0032A351 /* NoTextEntryUITextFieldHelper.swift */,
				CB05A8D4277215540086DDA0 /* CardDetailsTableViewCell.swift */,
				CB05A8D5277215540086DDA0 /* CardDetailsTableViewCell.xib */,
				CB2E7C3127B2CF9800E4C0FB /* ExpirationDatePicker.swift */,
			);
			path = "Card Details";
			sourceTree = "<group>";
		};
		CB05A8D6277215540086DDA0 /* Select Scheme */ = {
			isa = PBXGroup;
			children = (
				CB05A8D7277215540086DDA0 /* SelectSchemeViewController.xib */,
				CB05A8D8277215540086DDA0 /* SelectSchemeViewController.swift */,
			);
			path = "Select Scheme";
			sourceTree = "<group>";
		};
		CB05A8D9277215540086DDA0 /* Saved Cards */ = {
			isa = PBXGroup;
			children = (
				CB05A8DA277215540086DDA0 /* SavedCardTableViewCell.xib */,
				CB05A8DB277215540086DDA0 /* SavedCardsViewController.swift */,
				CB05A8DC277215540086DDA0 /* SavedCardsViewController.xib */,
				CB05A8DD277215540086DDA0 /* SavedCardTableViewCell.swift */,
			);
			path = "Saved Cards";
			sourceTree = "<group>";
		};
		CB23C14A271DC7CF00F68C0E /* Test */ = {
			isa = PBXGroup;
			children = (
				CB23C14B271DC7DF00F68C0E /* Test.swift */,
			);
			name = Test;
			sourceTree = "<group>";
		};
		CB7E9871271DC52800B1A0F4 = {
			isa = PBXGroup;
			children = (
				CB05A8C5277215540086DDA0 /* Source */,
				CB23C14A271DC7CF00F68C0E /* Test */,
				CB7E987B271DC52800B1A0F4 /* Products */,
				8943F9A38D5CFFB350D79E0E /* Pods */,
				F6172E067AF76C6A73A32CE8 /* Frameworks */,
			);
			sourceTree = "<group>";
		};
		CB7E987B271DC52800B1A0F4 /* Products */ = {
			isa = PBXGroup;
			children = (
				CB7E987A271DC52800B1A0F4 /* CheckoutCocoapodsSample.app */,
				CB7E989A271DC52C00B1A0F4 /* CheckoutCocoapodsSampleUITests.xctest */,
			);
			name = Products;
			sourceTree = "<group>";
		};
		CBCA394927CFD73900577460 /* 3DS */ = {
			isa = PBXGroup;
			children = (
				CBCA394A27CFD73900577460 /* ThreeDSViewController.swift */,
				CBCA394B27CFD73900577460 /* ThreeDSViewController.xib */,
				CBCA395327CFD80200577460 /* WebViewController.swift */,
			);
			path = 3DS;
			sourceTree = "<group>";
		};
		F6172E067AF76C6A73A32CE8 /* Frameworks */ = {
			isa = PBXGroup;
			children = (
				124A426A501A28E8FC335C87 /* libPods-CheckoutCocoapodsSample.a */,
				6BBCD58885B11DB64B04E69C /* libPods-CheckoutCocoapodsSample-CheckoutCocoapodsSampleUITests.a */,
			);
			name = Frameworks;
			sourceTree = "<group>";
		};
/* End PBXGroup section */

/* Begin PBXNativeTarget section */
		CB7E9879271DC52800B1A0F4 /* CheckoutCocoapodsSample */ = {
			isa = PBXNativeTarget;
			buildConfigurationList = CB7E98A4271DC52C00B1A0F4 /* Build configuration list for PBXNativeTarget "CheckoutCocoapodsSample" */;
			buildPhases = (
				55721F79E13E6B9382FD56A2 /* [CP] Check Pods Manifest.lock */,
				CB7E9876271DC52800B1A0F4 /* Sources */,
				CB7E9877271DC52800B1A0F4 /* Frameworks */,
				CB7E9878271DC52800B1A0F4 /* Resources */,
				F56149F7274E9D8200599B4A /* ShellScript */,
				C1AD69279D3CF40FE5FD24F1 /* [CP] Embed Pods Frameworks */,
			);
			buildRules = (
			);
			dependencies = (
			);
			name = CheckoutCocoapodsSample;
			productName = CheckoutSDKCocoapodsSample;
			productReference = CB7E987A271DC52800B1A0F4 /* CheckoutCocoapodsSample.app */;
			productType = "com.apple.product-type.application";
		};
		CB7E9899271DC52C00B1A0F4 /* CheckoutCocoapodsSampleUITests */ = {
			isa = PBXNativeTarget;
			buildConfigurationList = CB7E98AA271DC52C00B1A0F4 /* Build configuration list for PBXNativeTarget "CheckoutCocoapodsSampleUITests" */;
			buildPhases = (
				5358B906707C06C6491141E7 /* [CP] Check Pods Manifest.lock */,
				CB7E9896271DC52C00B1A0F4 /* Sources */,
				CB7E9897271DC52C00B1A0F4 /* Frameworks */,
				CB7E9898271DC52C00B1A0F4 /* Resources */,
				21BF05451BFCE44A52B2CC93 /* [CP] Embed Pods Frameworks */,
			);
			buildRules = (
			);
			dependencies = (
				CB7E989C271DC52C00B1A0F4 /* PBXTargetDependency */,
			);
			name = CheckoutCocoapodsSampleUITests;
			productName = CheckoutSDKCocoapodsSampleUITests;
			productReference = CB7E989A271DC52C00B1A0F4 /* CheckoutCocoapodsSampleUITests.xctest */;
			productType = "com.apple.product-type.bundle.ui-testing";
		};
/* End PBXNativeTarget section */

/* Begin PBXProject section */
		CB7E9872271DC52800B1A0F4 /* Project object */ = {
			isa = PBXProject;
			attributes = {
				BuildIndependentTargetsInParallel = 1;
				LastSwiftUpdateCheck = 1300;
				LastUpgradeCheck = 1300;
				TargetAttributes = {
					CB7E9879271DC52800B1A0F4 = {
						CreatedOnToolsVersion = 13.0;
						LastSwiftMigration = 1300;
					};
					CB7E9899271DC52C00B1A0F4 = {
						CreatedOnToolsVersion = 13.0;
						TestTargetID = CB7E9879271DC52800B1A0F4;
					};
				};
			};
			buildConfigurationList = CB7E9875271DC52800B1A0F4 /* Build configuration list for PBXProject "CheckoutCocoapodsSample" */;
			compatibilityVersion = "Xcode 13.0";
			developmentRegion = en;
			hasScannedForEncodings = 0;
			knownRegions = (
				en,
				Base,
			);
			mainGroup = CB7E9871271DC52800B1A0F4;
			productRefGroup = CB7E987B271DC52800B1A0F4 /* Products */;
			projectDirPath = "";
			projectRoot = "";
			targets = (
				CB7E9879271DC52800B1A0F4 /* CheckoutCocoapodsSample */,
				CB7E9899271DC52C00B1A0F4 /* CheckoutCocoapodsSampleUITests */,
			);
		};
/* End PBXProject section */

/* Begin PBXResourcesBuildPhase section */
		CB7E9878271DC52800B1A0F4 /* Resources */ = {
			isa = PBXResourcesBuildPhase;
			buildActionMask = 2147483647;
			files = (
				CB05A8E5277215540086DDA0 /* Main.storyboard in Resources */,
				CB05A8E9277215540086DDA0 /* CardTokenizationViewController.xib in Resources */,
				CB05A8F2277215540086DDA0 /* SavedCardsViewController.xib in Resources */,
				CB05A8E4277215540086DDA0 /* Assets.xcassets in Resources */,
				CB05A8F0277215540086DDA0 /* SavedCardTableViewCell.xib in Resources */,
				CB05A8E2277215540086DDA0 /* LaunchScreen.storyboard in Resources */,
				CBCA394D27CFD73900577460 /* ThreeDSViewController.xib in Resources */,
				CB05A8ED277215540086DDA0 /* CardDetailsTableViewCell.xib in Resources */,
				CB05A8E8277215540086DDA0 /* ButtonsTableViewCell.xib in Resources */,
				CB05A8EE277215540086DDA0 /* SelectSchemeViewController.xib in Resources */,
			);
			runOnlyForDeploymentPostprocessing = 0;
		};
		CB7E9898271DC52C00B1A0F4 /* Resources */ = {
			isa = PBXResourcesBuildPhase;
			buildActionMask = 2147483647;
			files = (
			);
			runOnlyForDeploymentPostprocessing = 0;
		};
/* End PBXResourcesBuildPhase section */

/* Begin PBXShellScriptBuildPhase section */
		21BF05451BFCE44A52B2CC93 /* [CP] Embed Pods Frameworks */ = {
			isa = PBXShellScriptBuildPhase;
			buildActionMask = 2147483647;
			files = (
			);
			inputFileListPaths = (
				"${PODS_ROOT}/Target Support Files/Pods-CheckoutCocoapodsSample-CheckoutCocoapodsSampleUITests/Pods-CheckoutCocoapodsSample-CheckoutCocoapodsSampleUITests-frameworks-${CONFIGURATION}-input-files.xcfilelist",
			);
			name = "[CP] Embed Pods Frameworks";
			outputFileListPaths = (
				"${PODS_ROOT}/Target Support Files/Pods-CheckoutCocoapodsSample-CheckoutCocoapodsSampleUITests/Pods-CheckoutCocoapodsSample-CheckoutCocoapodsSampleUITests-frameworks-${CONFIGURATION}-output-files.xcfilelist",
			);
			runOnlyForDeploymentPostprocessing = 0;
			shellPath = /bin/sh;
			shellScript = "\"${PODS_ROOT}/Target Support Files/Pods-CheckoutCocoapodsSample-CheckoutCocoapodsSampleUITests/Pods-CheckoutCocoapodsSample-CheckoutCocoapodsSampleUITests-frameworks.sh\"\n";
			showEnvVarsInLog = 0;
		};
		5358B906707C06C6491141E7 /* [CP] Check Pods Manifest.lock */ = {
			isa = PBXShellScriptBuildPhase;
			buildActionMask = 2147483647;
			files = (
			);
			inputFileListPaths = (
			);
			inputPaths = (
				"${PODS_PODFILE_DIR_PATH}/Podfile.lock",
				"${PODS_ROOT}/Manifest.lock",
			);
			name = "[CP] Check Pods Manifest.lock";
			outputFileListPaths = (
			);
			outputPaths = (
				"$(DERIVED_FILE_DIR)/Pods-CheckoutCocoapodsSample-CheckoutCocoapodsSampleUITests-checkManifestLockResult.txt",
			);
			runOnlyForDeploymentPostprocessing = 0;
			shellPath = /bin/sh;
			shellScript = "diff \"${PODS_PODFILE_DIR_PATH}/Podfile.lock\" \"${PODS_ROOT}/Manifest.lock\" > /dev/null\nif [ $? != 0 ] ; then\n    # print error to STDERR\n    echo \"error: The sandbox is not in sync with the Podfile.lock. Run 'pod install' or update your CocoaPods installation.\" >&2\n    exit 1\nfi\n# This output is used by Xcode 'outputs' to avoid re-running this script phase.\necho \"SUCCESS\" > \"${SCRIPT_OUTPUT_FILE_0}\"\n";
			showEnvVarsInLog = 0;
		};
		55721F79E13E6B9382FD56A2 /* [CP] Check Pods Manifest.lock */ = {
			isa = PBXShellScriptBuildPhase;
			buildActionMask = 2147483647;
			files = (
			);
			inputFileListPaths = (
			);
			inputPaths = (
				"${PODS_PODFILE_DIR_PATH}/Podfile.lock",
				"${PODS_ROOT}/Manifest.lock",
			);
			name = "[CP] Check Pods Manifest.lock";
			outputFileListPaths = (
			);
			outputPaths = (
				"$(DERIVED_FILE_DIR)/Pods-CheckoutCocoapodsSample-checkManifestLockResult.txt",
			);
			runOnlyForDeploymentPostprocessing = 0;
			shellPath = /bin/sh;
			shellScript = "diff \"${PODS_PODFILE_DIR_PATH}/Podfile.lock\" \"${PODS_ROOT}/Manifest.lock\" > /dev/null\nif [ $? != 0 ] ; then\n    # print error to STDERR\n    echo \"error: The sandbox is not in sync with the Podfile.lock. Run 'pod install' or update your CocoaPods installation.\" >&2\n    exit 1\nfi\n# This output is used by Xcode 'outputs' to avoid re-running this script phase.\necho \"SUCCESS\" > \"${SCRIPT_OUTPUT_FILE_0}\"\n";
			showEnvVarsInLog = 0;
		};
		C1AD69279D3CF40FE5FD24F1 /* [CP] Embed Pods Frameworks */ = {
			isa = PBXShellScriptBuildPhase;
			buildActionMask = 2147483647;
			files = (
			);
			inputFileListPaths = (
				"${PODS_ROOT}/Target Support Files/Pods-CheckoutCocoapodsSample/Pods-CheckoutCocoapodsSample-frameworks-${CONFIGURATION}-input-files.xcfilelist",
			);
			name = "[CP] Embed Pods Frameworks";
			outputFileListPaths = (
				"${PODS_ROOT}/Target Support Files/Pods-CheckoutCocoapodsSample/Pods-CheckoutCocoapodsSample-frameworks-${CONFIGURATION}-output-files.xcfilelist",
			);
			runOnlyForDeploymentPostprocessing = 0;
			shellPath = /bin/sh;
			shellScript = "\"${PODS_ROOT}/Target Support Files/Pods-CheckoutCocoapodsSample/Pods-CheckoutCocoapodsSample-frameworks.sh\"\n";
			showEnvVarsInLog = 0;
		};
		F56149F7274E9D8200599B4A /* ShellScript */ = {
			isa = PBXShellScriptBuildPhase;
			buildActionMask = 2147483647;
			files = (
			);
			inputFileListPaths = (
			);
			inputPaths = (
			);
			outputFileListPaths = (
			);
			outputPaths = (
			);
			runOnlyForDeploymentPostprocessing = 0;
			shellPath = /bin/sh;
			shellScript = "# Type a script or drag a script file from your workspace to insert its path.\nif which swiftlint >/dev/null; then\n  cd ..\n  swiftlint --strict\nelse\n  echo \"warning: SwiftLint not installed, download from https://github.com/realm/SwiftLint\"\nfi\n";
		};
/* End PBXShellScriptBuildPhase section */

/* Begin PBXSourcesBuildPhase section */
		CB7E9876271DC52800B1A0F4 /* Sources */ = {
			isa = PBXSourcesBuildPhase;
			buildActionMask = 2147483647;
			files = (
				CB05A8E6277215540086DDA0 /* AppDelegate.swift in Sources */,
				CBCA395427CFD80200577460 /* WebViewController.swift in Sources */,
				CB44CFE127BBB04B0008EC96 /* Timezone+utc.swift in Sources */,
				CB05A8F3277215540086DDA0 /* SavedCardTableViewCell.swift in Sources */,
				CB05A8EB277215540086DDA0 /* CardTokenizationViewController.swift in Sources */,
				CBCA394C27CFD73900577460 /* ThreeDSViewController.swift in Sources */,
				CB05A8E3277215540086DDA0 /* SampleAppError.swift in Sources */,
				CBCA150F282BCADA00691796 /* CardNumberTextFieldDelegateHelper.swift in Sources */,
				CB05A8E1277215540086DDA0 /* ViewController.swift in Sources */,
				CB2E7C3227B2CF9800E4C0FB /* ExpirationDatePicker.swift in Sources */,
				CB05A8E7277215540086DDA0 /* ButtonsTableViewCell.swift in Sources */,
				CB05A8F4277215540086DDA0 /* CardTokenisationViewController+ViewModel.swift in Sources */,
				CB05A8EC277215540086DDA0 /* CardDetailsTableViewCell.swift in Sources */,
				CB05A8EF277215540086DDA0 /* SelectSchemeViewController.swift in Sources */,
				CBCA394F27CFD76D00577460 /* UIColor+CKO.swift in Sources */,
				CB05A8EA277215540086DDA0 /* CardModel.swift in Sources */,
				CB05A8F1277215540086DDA0 /* SavedCardsViewController.swift in Sources */,
				CB0D976A27BEA7AA0032A351 /* NoTextEntryUITextFieldHelper.swift in Sources */,
				CB05A8F6277215540086DDA0 /* SceneDelegate.swift in Sources */,
			);
			runOnlyForDeploymentPostprocessing = 0;
		};
		CB7E9896271DC52C00B1A0F4 /* Sources */ = {
			isa = PBXSourcesBuildPhase;
			buildActionMask = 2147483647;
			files = (
				CB23C14D271DC86200F68C0E /* Test.swift in Sources */,
			);
			runOnlyForDeploymentPostprocessing = 0;
		};
/* End PBXSourcesBuildPhase section */

/* Begin PBXTargetDependency section */
		CB7E989C271DC52C00B1A0F4 /* PBXTargetDependency */ = {
			isa = PBXTargetDependency;
			target = CB7E9879271DC52800B1A0F4 /* CheckoutCocoapodsSample */;
			targetProxy = CB7E989B271DC52C00B1A0F4 /* PBXContainerItemProxy */;
		};
/* End PBXTargetDependency section */

/* Begin XCBuildConfiguration section */
		CB7E98A2271DC52C00B1A0F4 /* Debug */ = {
			isa = XCBuildConfiguration;
			buildSettings = {
				ALWAYS_SEARCH_USER_PATHS = NO;
				CLANG_ANALYZER_NONNULL = YES;
				CLANG_ANALYZER_NUMBER_OBJECT_CONVERSION = YES_AGGRESSIVE;
				CLANG_CXX_LANGUAGE_STANDARD = "gnu++17";
				CLANG_CXX_LIBRARY = "libc++";
				CLANG_ENABLE_MODULES = YES;
				CLANG_ENABLE_OBJC_ARC = YES;
				CLANG_ENABLE_OBJC_WEAK = YES;
				CLANG_WARN_BLOCK_CAPTURE_AUTORELEASING = YES;
				CLANG_WARN_BOOL_CONVERSION = YES;
				CLANG_WARN_COMMA = YES;
				CLANG_WARN_CONSTANT_CONVERSION = YES;
				CLANG_WARN_DEPRECATED_OBJC_IMPLEMENTATIONS = YES;
				CLANG_WARN_DIRECT_OBJC_ISA_USAGE = YES_ERROR;
				CLANG_WARN_DOCUMENTATION_COMMENTS = YES;
				CLANG_WARN_EMPTY_BODY = YES;
				CLANG_WARN_ENUM_CONVERSION = YES;
				CLANG_WARN_INFINITE_RECURSION = YES;
				CLANG_WARN_INT_CONVERSION = YES;
				CLANG_WARN_NON_LITERAL_NULL_CONVERSION = YES;
				CLANG_WARN_OBJC_IMPLICIT_RETAIN_SELF = YES;
				CLANG_WARN_OBJC_LITERAL_CONVERSION = YES;
				CLANG_WARN_OBJC_ROOT_CLASS = YES_ERROR;
				CLANG_WARN_QUOTED_INCLUDE_IN_FRAMEWORK_HEADER = YES;
				CLANG_WARN_RANGE_LOOP_ANALYSIS = YES;
				CLANG_WARN_STRICT_PROTOTYPES = YES;
				CLANG_WARN_SUSPICIOUS_MOVE = YES;
				CLANG_WARN_UNGUARDED_AVAILABILITY = YES_AGGRESSIVE;
				CLANG_WARN_UNREACHABLE_CODE = YES;
				CLANG_WARN__DUPLICATE_METHOD_MATCH = YES;
				COPY_PHASE_STRIP = NO;
				DEBUG_INFORMATION_FORMAT = dwarf;
				ENABLE_STRICT_OBJC_MSGSEND = YES;
				ENABLE_TESTABILITY = YES;
				GCC_C_LANGUAGE_STANDARD = gnu11;
				GCC_DYNAMIC_NO_PIC = NO;
				GCC_NO_COMMON_BLOCKS = YES;
				GCC_OPTIMIZATION_LEVEL = 0;
				GCC_PREPROCESSOR_DEFINITIONS = (
					"DEBUG=1",
					"$(inherited)",
				);
				GCC_WARN_64_TO_32_BIT_CONVERSION = YES;
				GCC_WARN_ABOUT_RETURN_TYPE = YES_ERROR;
				GCC_WARN_UNDECLARED_SELECTOR = YES;
				GCC_WARN_UNINITIALIZED_AUTOS = YES_AGGRESSIVE;
				GCC_WARN_UNUSED_FUNCTION = YES;
				GCC_WARN_UNUSED_VARIABLE = YES;
				IPHONEOS_DEPLOYMENT_TARGET = 12.0;
				MTL_ENABLE_DEBUG_INFO = INCLUDE_SOURCE;
				MTL_FAST_MATH = YES;
				ONLY_ACTIVE_ARCH = YES;
				SDKROOT = iphoneos;
				SWIFT_ACTIVE_COMPILATION_CONDITIONS = DEBUG;
				SWIFT_OPTIMIZATION_LEVEL = "-Onone";
			};
			name = Debug;
		};
		CB7E98A3271DC52C00B1A0F4 /* Release */ = {
			isa = XCBuildConfiguration;
			buildSettings = {
				ALWAYS_SEARCH_USER_PATHS = NO;
				CLANG_ANALYZER_NONNULL = YES;
				CLANG_ANALYZER_NUMBER_OBJECT_CONVERSION = YES_AGGRESSIVE;
				CLANG_CXX_LANGUAGE_STANDARD = "gnu++17";
				CLANG_CXX_LIBRARY = "libc++";
				CLANG_ENABLE_MODULES = YES;
				CLANG_ENABLE_OBJC_ARC = YES;
				CLANG_ENABLE_OBJC_WEAK = YES;
				CLANG_WARN_BLOCK_CAPTURE_AUTORELEASING = YES;
				CLANG_WARN_BOOL_CONVERSION = YES;
				CLANG_WARN_COMMA = YES;
				CLANG_WARN_CONSTANT_CONVERSION = YES;
				CLANG_WARN_DEPRECATED_OBJC_IMPLEMENTATIONS = YES;
				CLANG_WARN_DIRECT_OBJC_ISA_USAGE = YES_ERROR;
				CLANG_WARN_DOCUMENTATION_COMMENTS = YES;
				CLANG_WARN_EMPTY_BODY = YES;
				CLANG_WARN_ENUM_CONVERSION = YES;
				CLANG_WARN_INFINITE_RECURSION = YES;
				CLANG_WARN_INT_CONVERSION = YES;
				CLANG_WARN_NON_LITERAL_NULL_CONVERSION = YES;
				CLANG_WARN_OBJC_IMPLICIT_RETAIN_SELF = YES;
				CLANG_WARN_OBJC_LITERAL_CONVERSION = YES;
				CLANG_WARN_OBJC_ROOT_CLASS = YES_ERROR;
				CLANG_WARN_QUOTED_INCLUDE_IN_FRAMEWORK_HEADER = YES;
				CLANG_WARN_RANGE_LOOP_ANALYSIS = YES;
				CLANG_WARN_STRICT_PROTOTYPES = YES;
				CLANG_WARN_SUSPICIOUS_MOVE = YES;
				CLANG_WARN_UNGUARDED_AVAILABILITY = YES_AGGRESSIVE;
				CLANG_WARN_UNREACHABLE_CODE = YES;
				CLANG_WARN__DUPLICATE_METHOD_MATCH = YES;
				COPY_PHASE_STRIP = NO;
				DEBUG_INFORMATION_FORMAT = "dwarf-with-dsym";
				ENABLE_NS_ASSERTIONS = NO;
				ENABLE_STRICT_OBJC_MSGSEND = YES;
				GCC_C_LANGUAGE_STANDARD = gnu11;
				GCC_NO_COMMON_BLOCKS = YES;
				GCC_WARN_64_TO_32_BIT_CONVERSION = YES;
				GCC_WARN_ABOUT_RETURN_TYPE = YES_ERROR;
				GCC_WARN_UNDECLARED_SELECTOR = YES;
				GCC_WARN_UNINITIALIZED_AUTOS = YES_AGGRESSIVE;
				GCC_WARN_UNUSED_FUNCTION = YES;
				GCC_WARN_UNUSED_VARIABLE = YES;
				IPHONEOS_DEPLOYMENT_TARGET = 12.0;
				MTL_ENABLE_DEBUG_INFO = NO;
				MTL_FAST_MATH = YES;
				SDKROOT = iphoneos;
				SWIFT_COMPILATION_MODE = wholemodule;
				SWIFT_OPTIMIZATION_LEVEL = "-O";
				VALIDATE_PRODUCT = YES;
			};
			name = Release;
		};
		CB7E98A5271DC52C00B1A0F4 /* Debug */ = {
			isa = XCBuildConfiguration;
			baseConfigurationReference = 893793AF9E53B2ABD244E8EC /* Pods-CheckoutCocoapodsSample.debug.xcconfig */;
			buildSettings = {
				ASSETCATALOG_COMPILER_APPICON_NAME = AppIcon;
				ASSETCATALOG_COMPILER_GLOBAL_ACCENT_COLOR_NAME = AccentColor;
				CLANG_ENABLE_MODULES = YES;
				CODE_SIGN_STYLE = Automatic;
				CURRENT_PROJECT_VERSION = 1;
				DEVELOPMENT_TEAM = E32XBQK4Q5;
				GENERATE_INFOPLIST_FILE = YES;
				INFOPLIST_FILE = ../Sample/Source/Info.plist;
				INFOPLIST_KEY_UIApplicationSupportsIndirectInputEvents = YES;
				INFOPLIST_KEY_UILaunchStoryboardName = LaunchScreen;
				INFOPLIST_KEY_UIMainStoryboardFile = Main;
				INFOPLIST_KEY_UISupportedInterfaceOrientations_iPad = "UIInterfaceOrientationPortrait UIInterfaceOrientationPortraitUpsideDown UIInterfaceOrientationLandscapeLeft UIInterfaceOrientationLandscapeRight";
				INFOPLIST_KEY_UISupportedInterfaceOrientations_iPhone = "UIInterfaceOrientationPortrait UIInterfaceOrientationLandscapeLeft UIInterfaceOrientationLandscapeRight";
				IPHONEOS_DEPLOYMENT_TARGET = 12.0;
				LD_RUNPATH_SEARCH_PATHS = (
					"$(inherited)",
					"@executable_path/Frameworks",
				);
				MARKETING_VERSION = 1.0;
				PRODUCT_BUNDLE_IDENTIFIER = com.checkout.CheckoutSDKCocoapodsSample;
				PRODUCT_NAME = "$(TARGET_NAME)";
				SWIFT_EMIT_LOC_STRINGS = YES;
				SWIFT_OPTIMIZATION_LEVEL = "-Onone";
				SWIFT_VERSION = 5.0;
				TARGETED_DEVICE_FAMILY = "1,2";
			};
			name = Debug;
		};
		CB7E98A6271DC52C00B1A0F4 /* Release */ = {
			isa = XCBuildConfiguration;
			baseConfigurationReference = D81DBA5CB38332B60D21D4EE /* Pods-CheckoutCocoapodsSample.release.xcconfig */;
			buildSettings = {
				ASSETCATALOG_COMPILER_APPICON_NAME = AppIcon;
				ASSETCATALOG_COMPILER_GLOBAL_ACCENT_COLOR_NAME = AccentColor;
				CLANG_ENABLE_MODULES = YES;
				CODE_SIGN_STYLE = Automatic;
				CURRENT_PROJECT_VERSION = 1;
				DEVELOPMENT_TEAM = E32XBQK4Q5;
				GENERATE_INFOPLIST_FILE = YES;
				INFOPLIST_FILE = ../Sample/Source/Info.plist;
				INFOPLIST_KEY_UIApplicationSupportsIndirectInputEvents = YES;
				INFOPLIST_KEY_UILaunchStoryboardName = LaunchScreen;
				INFOPLIST_KEY_UIMainStoryboardFile = Main;
				INFOPLIST_KEY_UISupportedInterfaceOrientations_iPad = "UIInterfaceOrientationPortrait UIInterfaceOrientationPortraitUpsideDown UIInterfaceOrientationLandscapeLeft UIInterfaceOrientationLandscapeRight";
				INFOPLIST_KEY_UISupportedInterfaceOrientations_iPhone = "UIInterfaceOrientationPortrait UIInterfaceOrientationLandscapeLeft UIInterfaceOrientationLandscapeRight";
				IPHONEOS_DEPLOYMENT_TARGET = 12.0;
				LD_RUNPATH_SEARCH_PATHS = (
					"$(inherited)",
					"@executable_path/Frameworks",
				);
				MARKETING_VERSION = 1.0;
				PRODUCT_BUNDLE_IDENTIFIER = com.checkout.CheckoutSDKCocoapodsSample;
				PRODUCT_NAME = "$(TARGET_NAME)";
				SWIFT_EMIT_LOC_STRINGS = YES;
				SWIFT_VERSION = 5.0;
				TARGETED_DEVICE_FAMILY = "1,2";
			};
			name = Release;
		};
		CB7E98AB271DC52C00B1A0F4 /* Debug */ = {
			isa = XCBuildConfiguration;
			baseConfigurationReference = CA00D67CD5F7E3492E2DFBDE /* Pods-CheckoutCocoapodsSample-CheckoutCocoapodsSampleUITests.debug.xcconfig */;
			buildSettings = {
				ALWAYS_EMBED_SWIFT_STANDARD_LIBRARIES = YES;
				CODE_SIGN_STYLE = Automatic;
				CURRENT_PROJECT_VERSION = 1;
				DEVELOPMENT_TEAM = E32XBQK4Q5;
				GENERATE_INFOPLIST_FILE = YES;
				IPHONEOS_DEPLOYMENT_TARGET = 12.0;
				LD_RUNPATH_SEARCH_PATHS = (
					"$(inherited)",
					"@executable_path/Frameworks",
					"@loader_path/Frameworks",
				);
				MARKETING_VERSION = 1.0;
				PRODUCT_BUNDLE_IDENTIFIER = com.checkout.CheckoutSDKCocoapodsSampleUITests;
				PRODUCT_NAME = "$(TARGET_NAME)";
				SWIFT_EMIT_LOC_STRINGS = NO;
				SWIFT_VERSION = 5.0;
				TARGETED_DEVICE_FAMILY = "1,2";
				TEST_TARGET_NAME = CheckoutSDKCocoapodsSample;
			};
			name = Debug;
		};
		CB7E98AC271DC52C00B1A0F4 /* Release */ = {
			isa = XCBuildConfiguration;
			baseConfigurationReference = 454CE621FE77F7ACB6C85794 /* Pods-CheckoutCocoapodsSample-CheckoutCocoapodsSampleUITests.release.xcconfig */;
			buildSettings = {
				ALWAYS_EMBED_SWIFT_STANDARD_LIBRARIES = YES;
				CODE_SIGN_STYLE = Automatic;
				CURRENT_PROJECT_VERSION = 1;
				DEVELOPMENT_TEAM = E32XBQK4Q5;
				GENERATE_INFOPLIST_FILE = YES;
				IPHONEOS_DEPLOYMENT_TARGET = 12.0;
				LD_RUNPATH_SEARCH_PATHS = (
					"$(inherited)",
					"@executable_path/Frameworks",
					"@loader_path/Frameworks",
				);
				MARKETING_VERSION = 1.0;
				PRODUCT_BUNDLE_IDENTIFIER = com.checkout.CheckoutSDKCocoapodsSampleUITests;
				PRODUCT_NAME = "$(TARGET_NAME)";
				SWIFT_EMIT_LOC_STRINGS = NO;
				SWIFT_VERSION = 5.0;
				TARGETED_DEVICE_FAMILY = "1,2";
				TEST_TARGET_NAME = CheckoutSDKCocoapodsSample;
			};
			name = Release;
		};
/* End XCBuildConfiguration section */

/* Begin XCConfigurationList section */
		CB7E9875271DC52800B1A0F4 /* Build configuration list for PBXProject "CheckoutCocoapodsSample" */ = {
			isa = XCConfigurationList;
			buildConfigurations = (
				CB7E98A2271DC52C00B1A0F4 /* Debug */,
				CB7E98A3271DC52C00B1A0F4 /* Release */,
			);
			defaultConfigurationIsVisible = 0;
			defaultConfigurationName = Release;
		};
		CB7E98A4271DC52C00B1A0F4 /* Build configuration list for PBXNativeTarget "CheckoutCocoapodsSample" */ = {
			isa = XCConfigurationList;
			buildConfigurations = (
				CB7E98A5271DC52C00B1A0F4 /* Debug */,
				CB7E98A6271DC52C00B1A0F4 /* Release */,
			);
			defaultConfigurationIsVisible = 0;
			defaultConfigurationName = Release;
		};
		CB7E98AA271DC52C00B1A0F4 /* Build configuration list for PBXNativeTarget "CheckoutCocoapodsSampleUITests" */ = {
			isa = XCConfigurationList;
			buildConfigurations = (
				CB7E98AB271DC52C00B1A0F4 /* Debug */,
				CB7E98AC271DC52C00B1A0F4 /* Release */,
			);
			defaultConfigurationIsVisible = 0;
			defaultConfigurationName = Release;
		};
/* End XCConfigurationList section */
	};
	rootObject = CB7E9872271DC52800B1A0F4 /* Project object */;
}
