{
  "object": {
    "pins": [
      {
        "package": "CheckoutEventLoggerKit",
        "repositoryURL": "https://github.com/checkout/checkout-event-logger-ios-framework.git",
        "state": {
          "branch": null,
          "revision": "917efddacf253a09c17921d268c0aa817a5011d5",
          "version": "1.1.1"
        }
      },
      {
        "package": "PhoneNumberKit",
        "repositoryURL": "https://github.com/marmelroy/PhoneNumberKit.git",
        "state": {
          "branch": null,
          "revision": "1ef0431b971f69c48ca5eb4cdba07f2c5da54c35",
          "version": "3.3.3"
        }
      }
    ]
  },
  "version": 1
}
