// !$*UTF8*$!
{
	archiveVersion = 1;
	classes = {
	};
	objectVersion = 50;
	objects = {

/* Begin PBXBuildFile section */
		3DBA9C49D2A79CD6A293669E /* Pods_FramesIos.framework in Frameworks */ = {isa = PBXBuildFile; fileRef = F610F14FD7C3059AACD17BF7 /* Pods_FramesIos.framework */; };
		8EA7FB642539B570002DF39F /* Constants.swift in Sources */ = {isa = PBXBuildFile; fileRef = 8EA7FB4B2539B570002DF39F /* Constants.swift */; };
		8EA7FB652539B570002DF39F /* CountryCodePickerViewController.swift in Sources */ = {isa = PBXBuildFile; fileRef = 8EA7FB4D2539B570002DF39F /* CountryCodePickerViewController.swift */; };
		8EA7FB662539B570002DF39F /* PhoneNumberTextField.swift in Sources */ = {isa = PBXBuildFile; fileRef = 8EA7FB4E2539B570002DF39F /* PhoneNumberTextField.swift */; };
		8EA7FB672539B570002DF39F /* Bundle+Resources.swift in Sources */ = {isa = PBXBuildFile; fileRef = 8EA7FB4F2539B570002DF39F /* Bundle+Resources.swift */; };
		8EA7FB682539B570002DF39F /* PhoneNumber.swift in Sources */ = {isa = PBXBuildFile; fileRef = 8EA7FB502539B570002DF39F /* PhoneNumber.swift */; };
		8EA7FB692539B570002DF39F /* RegexManager.swift in Sources */ = {isa = PBXBuildFile; fileRef = 8EA7FB512539B570002DF39F /* RegexManager.swift */; };
		8EA7FB6A2539B570002DF39F /* MetadataTypes.swift in Sources */ = {isa = PBXBuildFile; fileRef = 8EA7FB522539B570002DF39F /* MetadataTypes.swift */; };
		8EA7FB6B2539B570002DF39F /* MetadataParsing.swift in Sources */ = {isa = PBXBuildFile; fileRef = 8EA7FB532539B570002DF39F /* MetadataParsing.swift */; };
		8EA7FB6C2539B570002DF39F /* ParseManager.swift in Sources */ = {isa = PBXBuildFile; fileRef = 8EA7FB542539B570002DF39F /* ParseManager.swift */; };
		8EA7FB6D2539B570002DF39F /* PhoneNumberMetadata.xml in Resources */ = {isa = PBXBuildFile; fileRef = 8EA7FB572539B570002DF39F /* PhoneNumberMetadata.xml */; };
		8EA7FB6E2539B570002DF39F /* PhoneNumberMetadata.json in Resources */ = {isa = PBXBuildFile; fileRef = 8EA7FB582539B570002DF39F /* PhoneNumberMetadata.json */; };
		8EA7FB712539B570002DF39F /* PhoneNumberKit.h in Headers */ = {isa = PBXBuildFile; fileRef = 8EA7FB5B2539B570002DF39F /* PhoneNumberKit.h */; };
		8EA7FB722539B570002DF39F /* NSRegularExpression+Swift.swift in Sources */ = {isa = PBXBuildFile; fileRef = 8EA7FB5C2539B570002DF39F /* NSRegularExpression+Swift.swift */; };
		8EA7FB732539B570002DF39F /* Formatter.swift in Sources */ = {isa = PBXBuildFile; fileRef = 8EA7FB5D2539B570002DF39F /* Formatter.swift */; };
		8EA7FB742539B570002DF39F /* MetadataManager.swift in Sources */ = {isa = PBXBuildFile; fileRef = 8EA7FB5E2539B570002DF39F /* MetadataManager.swift */; };
		8EA7FB752539B570002DF39F /* PartialFormatter.swift in Sources */ = {isa = PBXBuildFile; fileRef = 8EA7FB5F2539B570002DF39F /* PartialFormatter.swift */; };
		8EA7FB762539B570002DF39F /* PhoneNumberFormatter.swift in Sources */ = {isa = PBXBuildFile; fileRef = 8EA7FB602539B570002DF39F /* PhoneNumberFormatter.swift */; };
		8EA7FB772539B570002DF39F /* PhoneNumberKit.swift in Sources */ = {isa = PBXBuildFile; fileRef = 8EA7FB612539B570002DF39F /* PhoneNumberKit.swift */; };
		8EA7FB792539B570002DF39F /* PhoneNumberParser.swift in Sources */ = {isa = PBXBuildFile; fileRef = 8EA7FB632539B570002DF39F /* PhoneNumberParser.swift */; };
		C05921A046069B80E37C8799 /* Pods_FramesIosTests.framework in Frameworks */ = {isa = PBXBuildFile; fileRef = 960B3E65C846C45B1B539F24 /* Pods_FramesIosTests.framework */; };
		CF0E2BDE2366039C000C3418 /* Customer.swift in Sources */ = {isa = PBXBuildFile; fileRef = CF0E2BDB2366039B000C3418 /* Customer.swift */; };
		CF0E2BDF2366039C000C3418 /* CustomerCardList.swift in Sources */ = {isa = PBXBuildFile; fileRef = CF0E2BDC2366039B000C3418 /* CustomerCardList.swift */; };
		CF0E2BE02366039C000C3418 /* CustomerCard.swift in Sources */ = {isa = PBXBuildFile; fileRef = CF0E2BDD2366039C000C3418 /* CustomerCard.swift */; };
		E602EE79209D857900CC62A2 /* Alamofire.swift in Sources */ = {isa = PBXBuildFile; fileRef = E602EE78209D857900CC62A2 /* Alamofire.swift */; };
		E602EE7B209D85E200CC62A2 /* AFError.swift in Sources */ = {isa = PBXBuildFile; fileRef = E602EE7A209D85E200CC62A2 /* AFError.swift */; };
		E602EE7D209D861300CC62A2 /* DispatchQueue+Alamofire.swift in Sources */ = {isa = PBXBuildFile; fileRef = E602EE7C209D861300CC62A2 /* DispatchQueue+Alamofire.swift */; };
		E602EE7F209D862700CC62A2 /* MultipartFormData.swift in Sources */ = {isa = PBXBuildFile; fileRef = E602EE7E209D862700CC62A2 /* MultipartFormData.swift */; };
		E602EE81209D863F00CC62A2 /* NetworkReachabilityManager.swift in Sources */ = {isa = PBXBuildFile; fileRef = E602EE80209D863F00CC62A2 /* NetworkReachabilityManager.swift */; };
		E602EE83209D866300CC62A2 /* Notifications.swift in Sources */ = {isa = PBXBuildFile; fileRef = E602EE82209D866300CC62A2 /* Notifications.swift */; };
		E602EE85209D867700CC62A2 /* ParameterEncoding.swift in Sources */ = {isa = PBXBuildFile; fileRef = E602EE84209D867700CC62A2 /* ParameterEncoding.swift */; };
		E602EE87209D868E00CC62A2 /* Request.swift in Sources */ = {isa = PBXBuildFile; fileRef = E602EE86209D868E00CC62A2 /* Request.swift */; };
		E602EE89209D869E00CC62A2 /* Response.swift in Sources */ = {isa = PBXBuildFile; fileRef = E602EE88209D869E00CC62A2 /* Response.swift */; };
		E602EE8B209D86B000CC62A2 /* ResponseSerialization.swift in Sources */ = {isa = PBXBuildFile; fileRef = E602EE8A209D86B000CC62A2 /* ResponseSerialization.swift */; };
		E602EE8D209D86C200CC62A2 /* Result.swift in Sources */ = {isa = PBXBuildFile; fileRef = E602EE8C209D86C100CC62A2 /* Result.swift */; };
		E602EE8F209D86D200CC62A2 /* ServerTrustPolicy.swift in Sources */ = {isa = PBXBuildFile; fileRef = E602EE8E209D86D200CC62A2 /* ServerTrustPolicy.swift */; };
		E602EE91209D86E200CC62A2 /* SessionDelegate.swift in Sources */ = {isa = PBXBuildFile; fileRef = E602EE90209D86E200CC62A2 /* SessionDelegate.swift */; };
		E602EE93209D86F100CC62A2 /* SessionManager.swift in Sources */ = {isa = PBXBuildFile; fileRef = E602EE92209D86F100CC62A2 /* SessionManager.swift */; };
		E602EE95209D870700CC62A2 /* TaskDelegate.swift in Sources */ = {isa = PBXBuildFile; fileRef = E602EE94209D870700CC62A2 /* TaskDelegate.swift */; };
		E602EE97209D871D00CC62A2 /* Timeline.swift in Sources */ = {isa = PBXBuildFile; fileRef = E602EE96209D871D00CC62A2 /* Timeline.swift */; };
		E602EE99209D872B00CC62A2 /* Validation.swift in Sources */ = {isa = PBXBuildFile; fileRef = E602EE98209D872B00CC62A2 /* Validation.swift */; };
		E608734620C689BB004E280C /* ThreedsWebViewControllerTests.swift in Sources */ = {isa = PBXBuildFile; fileRef = E608734520C689BB004E280C /* ThreedsWebViewControllerTests.swift */; };
		E611019D20C9217E000BB9F4 /* CvvConfirmationViewControllerDelegate.swift in Sources */ = {isa = PBXBuildFile; fileRef = E611019C20C9217E000BB9F4 /* CvvConfirmationViewControllerDelegate.swift */; };
		E61101A120C95880000BB9F4 /* SchemeIconsStackView.swift in Sources */ = {isa = PBXBuildFile; fileRef = E61101A020C95880000BB9F4 /* SchemeIconsStackView.swift */; };
		E61101A720C98B83000BB9F4 /* AddressView.swift in Sources */ = {isa = PBXBuildFile; fileRef = E61101A620C98B83000BB9F4 /* AddressView.swift */; };
		E61101A920C9970D000BB9F4 /* CardView.swift in Sources */ = {isa = PBXBuildFile; fileRef = E61101A820C9970D000BB9F4 /* CardView.swift */; };
		E61D068C20C02714007FC847 /* ThreedsWebViewController.swift in Sources */ = {isa = PBXBuildFile; fileRef = E61D068B20C02714007FC847 /* ThreedsWebViewController.swift */; };
		E61D068E20C0277D007FC847 /* ThreedsWebViewControllerDelegate.swift in Sources */ = {isa = PBXBuildFile; fileRef = E61D068D20C0277D007FC847 /* ThreedsWebViewControllerDelegate.swift */; };
		E61D069120C049BD007FC847 /* CardNumberInputViewDelegate.swift in Sources */ = {isa = PBXBuildFile; fileRef = E61D069020C049BD007FC847 /* CardNumberInputViewDelegate.swift */; };
		E625EE53208F905E0019B750 /* Environment.swift in Sources */ = {isa = PBXBuildFile; fileRef = E625EE52208F905E0019B750 /* Environment.swift */; };
		E625EE5920907FFE0019B750 /* README.md in Resources */ = {isa = PBXBuildFile; fileRef = E625EE5820907FFE0019B750 /* README.md */; };
		E625EE5C2090801C0019B750 /* CHANGELOG.md in Resources */ = {isa = PBXBuildFile; fileRef = E625EE5A2090801C0019B750 /* CHANGELOG.md */; };
		E625EE5D2090801C0019B750 /* CONTRIBUTING.md in Resources */ = {isa = PBXBuildFile; fileRef = E625EE5B2090801C0019B750 /* CONTRIBUTING.md */; };
		E625EE61209080A40019B750 /* PULL_REQUEST_TEMPLATE.md in Resources */ = {isa = PBXBuildFile; fileRef = E625EE5E209080A40019B750 /* PULL_REQUEST_TEMPLATE.md */; };
		E625EE62209080A40019B750 /* CODE_OF_CONDUCT.md in Resources */ = {isa = PBXBuildFile; fileRef = E625EE5F209080A40019B750 /* CODE_OF_CONDUCT.md */; };
		E625EE63209080A40019B750 /* ISSUE_TEMPLATE.md in Resources */ = {isa = PBXBuildFile; fileRef = E625EE60209080A40019B750 /* ISSUE_TEMPLATE.md */; };
		E625EE672090926F0019B750 /* LICENSE in Resources */ = {isa = PBXBuildFile; fileRef = E625EE652090926F0019B750 /* LICENSE */; };
		E631CB69209755FF00023472 /* cardTokenInvalidNumber.json in Resources */ = {isa = PBXBuildFile; fileRef = E631CB672097552700023472 /* cardTokenInvalidNumber.json */; };
		E631CB6F2097713C00023472 /* ErrorResponse.swift in Sources */ = {isa = PBXBuildFile; fileRef = E631CB6E2097713C00023472 /* ErrorResponse.swift */; };
		E631CB7F2098B5C000023472 /* ExpirationDatePicker.swift in Sources */ = {isa = PBXBuildFile; fileRef = E631CB7E2098B5C000023472 /* ExpirationDatePicker.swift */; };
		E631CB812098B5D900023472 /* ExpirationDatePickerDelegate.swift in Sources */ = {isa = PBXBuildFile; fileRef = E631CB802098B5D900023472 /* ExpirationDatePickerDelegate.swift */; };
		E632AAB220AECA9500D2B9B6 /* UIResponderExtensions.swift in Sources */ = {isa = PBXBuildFile; fileRef = E632AAB120AECA9500D2B9B6 /* UIResponderExtensions.swift */; };
		E632AAB520B4567C00D2B9B6 /* UIViewControllerExtensions.swift in Sources */ = {isa = PBXBuildFile; fileRef = E632AAB420B4567C00D2B9B6 /* UIViewControllerExtensions.swift */; };
		E632AABA20B5779B00D2B9B6 /* AddressViewControllerMock.swift in Sources */ = {isa = PBXBuildFile; fileRef = E632AAB920B5779B00D2B9B6 /* AddressViewControllerMock.swift */; };
		E632AABC20B578B200D2B9B6 /* CardViewControllerMock.swift in Sources */ = {isa = PBXBuildFile; fileRef = E632AABB20B578B200D2B9B6 /* CardViewControllerMock.swift */; };
		E632AABE20B578FF00D2B9B6 /* NotificationCenterMock.swift in Sources */ = {isa = PBXBuildFile; fileRef = E632AABD20B578FF00D2B9B6 /* NotificationCenterMock.swift */; };
		E632AAC020B57EDF00D2B9B6 /* CvvInputView.swift in Sources */ = {isa = PBXBuildFile; fileRef = E632AABF20B57EDF00D2B9B6 /* CvvInputView.swift */; };
		E632AAC220B58CE900D2B9B6 /* InputState.swift in Sources */ = {isa = PBXBuildFile; fileRef = E632AAC120B58CE900D2B9B6 /* InputState.swift */; };
		E63352D820A2EE09002C61C0 /* AddressViewController.swift in Sources */ = {isa = PBXBuildFile; fileRef = E63352D720A2EE09002C61C0 /* AddressViewController.swift */; };
		E63352DB20A34992002C61C0 /* AddressViewControllerDelegate.swift in Sources */ = {isa = PBXBuildFile; fileRef = E63352DA20A34992002C61C0 /* AddressViewControllerDelegate.swift */; };
		E63352E120A45C07002C61C0 /* CardViewController.swift in Sources */ = {isa = PBXBuildFile; fileRef = E63352E020A45C07002C61C0 /* CardViewController.swift */; };
		E63352E720A4B252002C61C0 /* CardViewControllerDelegate.swift in Sources */ = {isa = PBXBuildFile; fileRef = E63352E620A4B252002C61C0 /* CardViewControllerDelegate.swift */; };
		E64B31DC20D1810F0088B7FD /* SchemeIconsStackViewTests.swift in Sources */ = {isa = PBXBuildFile; fileRef = E64B31DB20D1810F0088B7FD /* SchemeIconsStackViewTests.swift */; };
		E64B31DE20D2642E0088B7FD /* PhoneNumberInputViewTests.swift in Sources */ = {isa = PBXBuildFile; fileRef = E64B31DD20D2642E0088B7FD /* PhoneNumberInputViewTests.swift */; };
		E64B31E020D26A930088B7FD /* ckoCardToken.json in Resources */ = {isa = PBXBuildFile; fileRef = E64B31DF20D26A930088B7FD /* ckoCardToken.json */; };
		E64B31E120D26CBC0088B7FD /* ckoCardToken.json in Resources */ = {isa = PBXBuildFile; fileRef = E64B31DF20D26A930088B7FD /* ckoCardToken.json */; };
		E64B31E320D26EE80088B7FD /* CardViewTests.swift in Sources */ = {isa = PBXBuildFile; fileRef = E64B31E220D26EE80088B7FD /* CardViewTests.swift */; };
		E64B31EC20D2D2FF0088B7FD /* AddressViewTests.swift in Sources */ = {isa = PBXBuildFile; fileRef = E64B31EB20D2D2FF0088B7FD /* AddressViewTests.swift */; };
		E64B321220D3D15A0088B7FD /* StringExtensions.swift in Sources */ = {isa = PBXBuildFile; fileRef = E64B321020D3CEBD0088B7FD /* StringExtensions.swift */; };
		E653FEFC20C583A2002E4790 /* CardListCellName.swift in Sources */ = {isa = PBXBuildFile; fileRef = E653FEFB20C583A2002E4790 /* CardListCellName.swift */; };
		E653FEFE20C58FA9002E4790 /* SimpleLoadingViewController.swift in Sources */ = {isa = PBXBuildFile; fileRef = E653FEFD20C58FA9002E4790 /* SimpleLoadingViewController.swift */; };
		E653FF0020C59CCC002E4790 /* CvvConfirmationViewController.swift in Sources */ = {isa = PBXBuildFile; fileRef = E653FEFF20C59CCC002E4790 /* CvvConfirmationViewController.swift */; };
		E658531720D7C83600C261D7 /* iOS Example.md in Resources */ = {isa = PBXBuildFile; fileRef = E658531520D7C83600C261D7 /* iOS Example.md */; };
		E658531820D7C83600C261D7 /* iOS Example Frames.md in Resources */ = {isa = PBXBuildFile; fileRef = E658531620D7C83600C261D7 /* iOS Example Frames.md */; };
		E658531A20D7C84400C261D7 /* Customizing the Card View.md in Resources */ = {isa = PBXBuildFile; fileRef = E658531920D7C84400C261D7 /* Customizing the Card View.md */; };
		E658531C20D7DF6100C261D7 /* CvvConfirmationViewControllerTests.swift in Sources */ = {isa = PBXBuildFile; fileRef = E658531B20D7DF6100C261D7 /* CvvConfirmationViewControllerTests.swift */; };
		E658531E20D7FFAE00C261D7 /* CardListCellNameTests.swift in Sources */ = {isa = PBXBuildFile; fileRef = E658531D20D7FFAE00C261D7 /* CardListCellNameTests.swift */; };
		E658532020D8072600C261D7 /* NavigationControllerMock.swift in Sources */ = {isa = PBXBuildFile; fileRef = E658531F20D8072600C261D7 /* NavigationControllerMock.swift */; };
		E658532220D8076E00C261D7 /* AddressViewControllerMockDelegate.swift in Sources */ = {isa = PBXBuildFile; fileRef = E658532120D8076E00C261D7 /* AddressViewControllerMockDelegate.swift */; };
		E658532420D8099A00C261D7 /* CardNumberInputViewMockDelegate.swift in Sources */ = {isa = PBXBuildFile; fileRef = E658532320D8099A00C261D7 /* CardNumberInputViewMockDelegate.swift */; };
		E658532620D80A9000C261D7 /* CvvViewControllerDelegateMock.swift in Sources */ = {isa = PBXBuildFile; fileRef = E658532520D80A9000C261D7 /* CvvViewControllerDelegateMock.swift */; };
		E658532820D80AF600C261D7 /* CardViewControllerMockDelegate.swift in Sources */ = {isa = PBXBuildFile; fileRef = E658532720D80AF600C261D7 /* CardViewControllerMockDelegate.swift */; };
		E658532A20D80B3700C261D7 /* CvvInputViewMockDelegate.swift in Sources */ = {isa = PBXBuildFile; fileRef = E658532920D80B3700C261D7 /* CvvInputViewMockDelegate.swift */; };
		E66406D92089FA39000431E5 /* CheckoutSdkIos.h in Headers */ = {isa = PBXBuildFile; fileRef = E66406D72089FA39000431E5 /* CheckoutSdkIos.h */; settings = {ATTRIBUTES = (Public, ); }; };
		E6640710208DD550000431E5 /* CheckoutAPIClient.swift in Sources */ = {isa = PBXBuildFile; fileRef = E664070F208DD550000431E5 /* CheckoutAPIClient.swift */; };
		E664071B208DE11D000431E5 /* Endpoint.swift in Sources */ = {isa = PBXBuildFile; fileRef = E664071A208DE11D000431E5 /* Endpoint.swift */; };
		E664071D208DE174000431E5 /* CardType.swift in Sources */ = {isa = PBXBuildFile; fileRef = E664071C208DE174000431E5 /* CardType.swift */; };
		E664071F208DE199000431E5 /* CardScheme.swift in Sources */ = {isa = PBXBuildFile; fileRef = E664071E208DE199000431E5 /* CardScheme.swift */; };
		E6640721208DE2AA000431E5 /* CardUtils.swift in Sources */ = {isa = PBXBuildFile; fileRef = E6640720208DE2AA000431E5 /* CardUtils.swift */; };
		E6646FB620CE9E5900D8353A /* CkoCardTokenRequest.swift in Sources */ = {isa = PBXBuildFile; fileRef = E6646FB520CE9E5900D8353A /* CkoCardTokenRequest.swift */; };
		E6646FB820CE9FD400D8353A /* CkoAddress.swift in Sources */ = {isa = PBXBuildFile; fileRef = E6646FB720CE9FD400D8353A /* CkoAddress.swift */; };
		E6646FBA20CEA78F00D8353A /* CkoCardTokenResponse.swift in Sources */ = {isa = PBXBuildFile; fileRef = E6646FB920CEA78F00D8353A /* CkoCardTokenResponse.swift */; };
		E664702620CEDD7500D8353A /* PhoneNumberInputView.swift in Sources */ = {isa = PBXBuildFile; fileRef = E664702520CEDD7500D8353A /* PhoneNumberInputView.swift */; };
		E670A86720CA9722002348A5 /* CvvInputViewTests.swift in Sources */ = {isa = PBXBuildFile; fileRef = E670A86620CA9722002348A5 /* CvvInputViewTests.swift */; };
		E67AB8D2219C34E80049ADAA /* CheckoutTokenStatus.swift in Sources */ = {isa = PBXBuildFile; fileRef = E67AB8D1219C34E80049ADAA /* CheckoutTokenStatus.swift */; };
		E67AB96E208DF9D800593FBE /* CardUtilsTests.swift in Sources */ = {isa = PBXBuildFile; fileRef = E67AB96D208DF9D800593FBE /* CardUtilsTests.swift */; };
		E67AB994208E1CC600593FBE /* CardProvider.swift in Sources */ = {isa = PBXBuildFile; fileRef = E67AB993208E1CC600593FBE /* CardProvider.swift */; };
		E67AB996208E1CF100593FBE /* CardProviderResponse.swift in Sources */ = {isa = PBXBuildFile; fileRef = E67AB995208E1CF100593FBE /* CardProviderResponse.swift */; };
		E67AB998208E2BBA00593FBE /* CheckoutAPIClientTests.swift in Sources */ = {isa = PBXBuildFile; fileRef = E67AB997208E2BBA00593FBE /* CheckoutAPIClientTests.swift */; };
		E67AB9A5208F41AB00593FBE /* cardProviders.json in Resources */ = {isa = PBXBuildFile; fileRef = E67AB9A4208F41AB00593FBE /* cardProviders.json */; };
		E680EBCD20A9E75C000BEED8 /* CardListCell.swift in Sources */ = {isa = PBXBuildFile; fileRef = E680EBCC20A9E75C000BEED8 /* CardListCell.swift */; };
		E6837286209C628B00C11D67 /* CardNumberInputView.swift in Sources */ = {isa = PBXBuildFile; fileRef = E6837285209C628B00C11D67 /* CardNumberInputView.swift */; };
		E6837288209C62A200C11D67 /* ExpirationDateInputView.swift in Sources */ = {isa = PBXBuildFile; fileRef = E6837287209C62A100C11D67 /* ExpirationDateInputView.swift */; };
		E683728A209C62B300C11D67 /* StandardInputView.swift in Sources */ = {isa = PBXBuildFile; fileRef = E6837289209C62B300C11D67 /* StandardInputView.swift */; };
		E683728E209C6CB000C11D67 /* CheckoutSdkIos.swift in Sources */ = {isa = PBXBuildFile; fileRef = E683728D209C6CB000C11D67 /* CheckoutSdkIos.swift */; };
		E6AD845A20F4C233009D8F00 /* Frames.podspec in Resources */ = {isa = PBXBuildFile; fileRef = E6AD845920F4C233009D8F00 /* Frames.podspec */; };
		E6AF0A0620AACE8A00D29929 /* ExpirationDatePickerTests.swift in Sources */ = {isa = PBXBuildFile; fileRef = E6AF0A0520AACE8A00D29929 /* ExpirationDatePickerTests.swift */; };
		E6AF0A0820AACEC300D29929 /* CardListCellTests.swift in Sources */ = {isa = PBXBuildFile; fileRef = E6AF0A0720AACEC300D29929 /* CardListCellTests.swift */; };
		E6AF0A0A20AACEFA00D29929 /* AddressViewControllerTests.swift in Sources */ = {isa = PBXBuildFile; fileRef = E6AF0A0920AACEFA00D29929 /* AddressViewControllerTests.swift */; };
		E6AF0A0C20AACF2100D29929 /* CountrySelectionViewControllerTests.swift in Sources */ = {isa = PBXBuildFile; fileRef = E6AF0A0B20AACF2100D29929 /* CountrySelectionViewControllerTests.swift */; };
		E6AF0A0E20AACF3A00D29929 /* CardNumberInputViewTests.swift in Sources */ = {isa = PBXBuildFile; fileRef = E6AF0A0D20AACF3A00D29929 /* CardNumberInputViewTests.swift */; };
		E6AF0A1020AAD00600D29929 /* ExpirationDateInputViewTests.swift in Sources */ = {isa = PBXBuildFile; fileRef = E6AF0A0F20AAD00600D29929 /* ExpirationDateInputViewTests.swift */; };
		E6AF0A1220AADA9A00D29929 /* StandardInputViewTests.swift in Sources */ = {isa = PBXBuildFile; fileRef = E6AF0A1120AADA9A00D29929 /* StandardInputViewTests.swift */; };
		E6AF0A2F20AADFF700D29929 /* arrows in Resources */ = {isa = PBXBuildFile; fileRef = E6AF0A1C20AADFF600D29929 /* arrows */; };
		E6AF0A3D20AAE46600D29929 /* schemes in Resources */ = {isa = PBXBuildFile; fileRef = E6AF0A3C20AAE46600D29929 /* schemes */; };
		E6AF0A3F20AAF3E200D29929 /* CardViewControllerTests.swift in Sources */ = {isa = PBXBuildFile; fileRef = E6AF0A3E20AAF3E200D29929 /* CardViewControllerTests.swift */; };
		E6AF0A4320AB29D400D29929 /* Localizable.strings in Resources */ = {isa = PBXBuildFile; fileRef = E6AF0A4520AB29D400D29929 /* Localizable.strings */; };
		E6AF0A4F20AB448700D29929 /* DetailsInputViewTests.swift in Sources */ = {isa = PBXBuildFile; fileRef = E6AF0A4E20AB448700D29929 /* DetailsInputViewTests.swift */; };
		E6BEBDB920C15EE800C3130A /* CkoPhoneNumber.swift in Sources */ = {isa = PBXBuildFile; fileRef = E6BEBDB320C15EE700C3130A /* CkoPhoneNumber.swift */; };
		E6BEBDBE20C171FA00C3130A /* ApplePayTokenRequest.swift in Sources */ = {isa = PBXBuildFile; fileRef = E6BEBDBD20C171FA00C3130A /* ApplePayTokenRequest.swift */; };
		E6D0208721943DE10025D0C0 /* CheckoutTheme.swift in Sources */ = {isa = PBXBuildFile; fileRef = E6D0208621943DE10025D0C0 /* CheckoutTheme.swift */; };
		E6DC28F820A19F3C009FA38B /* DetailsInputView.swift in Sources */ = {isa = PBXBuildFile; fileRef = E6DC28F720A19F3C009FA38B /* DetailsInputView.swift */; };
		E6DC28FB20A1D9EE009FA38B /* CountrySelectionViewController.swift in Sources */ = {isa = PBXBuildFile; fileRef = E6DC28FA20A1D9EE009FA38B /* CountrySelectionViewController.swift */; };
		E6DC28FE20A1E0E7009FA38B /* UIViewExtensions.swift in Sources */ = {isa = PBXBuildFile; fileRef = E6DC28FD20A1E0E7009FA38B /* UIViewExtensions.swift */; };
		E6DC290020A1F6D3009FA38B /* CountrySelectionViewControllerDelegate.swift in Sources */ = {isa = PBXBuildFile; fileRef = E6DC28FF20A1F6D3009FA38B /* CountrySelectionViewControllerDelegate.swift */; };
		E6DED6E9208DF82500D5D70B /* FramesIos.framework in Frameworks */ = {isa = PBXBuildFile; fileRef = E66406D42089FA39000431E5 /* FramesIos.framework */; };
		E6F6B56F20AD832B0091A8AF /* applePayToken.json in Resources */ = {isa = PBXBuildFile; fileRef = E6F6B56E20AD832B0091A8AF /* applePayToken.json */; };
		E6F6B57120ADBD230091A8AF /* applePayTokenInvalid.json in Resources */ = {isa = PBXBuildFile; fileRef = E6F6B57020ADBD230091A8AF /* applePayTokenInvalid.json */; };
		E6F6B57320ADC0BA0091A8AF /* checkmarks in Resources */ = {isa = PBXBuildFile; fileRef = E6F6B57220ADC0BA0091A8AF /* checkmarks */; };
		E6F6B57420ADC70A0091A8AF /* checkmarks in Resources */ = {isa = PBXBuildFile; fileRef = E6F6B57220ADC0BA0091A8AF /* checkmarks */; };
		E6FC280020D8F68300809458 /* SimpleLoadingViewControllerTests.swift in Sources */ = {isa = PBXBuildFile; fileRef = E6FC27FF20D8F68300809458 /* SimpleLoadingViewControllerTests.swift */; };
		E6FC284B20DA62C500809458 /* CvvInputViewDelegate.swift in Sources */ = {isa = PBXBuildFile; fileRef = E6FC284A20DA62C500809458 /* CvvInputViewDelegate.swift */; };
/* End PBXBuildFile section */

/* Begin PBXContainerItemProxy section */
		E6DED6EA208DF82500D5D70B /* PBXContainerItemProxy */ = {
			isa = PBXContainerItemProxy;
			containerPortal = E66406CB2089FA39000431E5 /* Project object */;
			proxyType = 1;
			remoteGlobalIDString = E66406D32089FA39000431E5;
			remoteInfo = CheckoutSdkIos;
		};
/* End PBXContainerItemProxy section */

/* Begin PBXCopyFilesBuildPhase section */
		E6AF0A1520AADFBB00D29929 /* CopyFiles */ = {
			isa = PBXCopyFilesBuildPhase;
			buildActionMask = 2147483647;
			dstPath = "";
			dstSubfolderSpec = 7;
			files = (
			);
			runOnlyForDeploymentPostprocessing = 0;
		};
/* End PBXCopyFilesBuildPhase section */

/* Begin PBXFileReference section */
		3370A09BC52FB4744D61DE9C /* Pods-FramesIos.debug.xcconfig */ = {isa = PBXFileReference; includeInIndex = 1; lastKnownFileType = text.xcconfig; name = "Pods-FramesIos.debug.xcconfig"; path = "Pods/Target Support Files/Pods-FramesIos/Pods-FramesIos.debug.xcconfig"; sourceTree = "<group>"; };
		6268AF6F3674C5D4B9AB1E4C /* Pods-FramesIos.release.xcconfig */ = {isa = PBXFileReference; includeInIndex = 1; lastKnownFileType = text.xcconfig; name = "Pods-FramesIos.release.xcconfig"; path = "Pods/Target Support Files/Pods-FramesIos/Pods-FramesIos.release.xcconfig"; sourceTree = "<group>"; };
		7A05DCA3DA23A5B90A28088B /* Pods-FramesIosTests.debug.xcconfig */ = {isa = PBXFileReference; includeInIndex = 1; lastKnownFileType = text.xcconfig; name = "Pods-FramesIosTests.debug.xcconfig"; path = "Pods/Target Support Files/Pods-FramesIosTests/Pods-FramesIosTests.debug.xcconfig"; sourceTree = "<group>"; };
		8DBAC9EA5BF3D8D794691344 /* Pods-FramesIosTests.release.xcconfig */ = {isa = PBXFileReference; includeInIndex = 1; lastKnownFileType = text.xcconfig; name = "Pods-FramesIosTests.release.xcconfig"; path = "Pods/Target Support Files/Pods-FramesIosTests/Pods-FramesIosTests.release.xcconfig"; sourceTree = "<group>"; };
		8EA7FB4B2539B570002DF39F /* Constants.swift */ = {isa = PBXFileReference; fileEncoding = 4; lastKnownFileType = sourcecode.swift; path = Constants.swift; sourceTree = "<group>"; };
		8EA7FB4D2539B570002DF39F /* CountryCodePickerViewController.swift */ = {isa = PBXFileReference; fileEncoding = 4; lastKnownFileType = sourcecode.swift; path = CountryCodePickerViewController.swift; sourceTree = "<group>"; };
		8EA7FB4E2539B570002DF39F /* PhoneNumberTextField.swift */ = {isa = PBXFileReference; fileEncoding = 4; lastKnownFileType = sourcecode.swift; path = PhoneNumberTextField.swift; sourceTree = "<group>"; };
		8EA7FB4F2539B570002DF39F /* Bundle+Resources.swift */ = {isa = PBXFileReference; fileEncoding = 4; lastKnownFileType = sourcecode.swift; path = "Bundle+Resources.swift"; sourceTree = "<group>"; };
		8EA7FB502539B570002DF39F /* PhoneNumber.swift */ = {isa = PBXFileReference; fileEncoding = 4; lastKnownFileType = sourcecode.swift; path = PhoneNumber.swift; sourceTree = "<group>"; };
		8EA7FB512539B570002DF39F /* RegexManager.swift */ = {isa = PBXFileReference; fileEncoding = 4; lastKnownFileType = sourcecode.swift; path = RegexManager.swift; sourceTree = "<group>"; };
		8EA7FB522539B570002DF39F /* MetadataTypes.swift */ = {isa = PBXFileReference; fileEncoding = 4; lastKnownFileType = sourcecode.swift; path = MetadataTypes.swift; sourceTree = "<group>"; };
		8EA7FB532539B570002DF39F /* MetadataParsing.swift */ = {isa = PBXFileReference; fileEncoding = 4; lastKnownFileType = sourcecode.swift; path = MetadataParsing.swift; sourceTree = "<group>"; };
		8EA7FB542539B570002DF39F /* ParseManager.swift */ = {isa = PBXFileReference; fileEncoding = 4; lastKnownFileType = sourcecode.swift; path = ParseManager.swift; sourceTree = "<group>"; };
		8EA7FB572539B570002DF39F /* PhoneNumberMetadata.xml */ = {isa = PBXFileReference; fileEncoding = 4; lastKnownFileType = text.xml; path = PhoneNumberMetadata.xml; sourceTree = "<group>"; };
		8EA7FB582539B570002DF39F /* PhoneNumberMetadata.json */ = {isa = PBXFileReference; fileEncoding = 4; lastKnownFileType = text.json; path = PhoneNumberMetadata.json; sourceTree = "<group>"; };
		8EA7FB5B2539B570002DF39F /* PhoneNumberKit.h */ = {isa = PBXFileReference; fileEncoding = 4; lastKnownFileType = sourcecode.c.h; path = PhoneNumberKit.h; sourceTree = "<group>"; };
		8EA7FB5C2539B570002DF39F /* NSRegularExpression+Swift.swift */ = {isa = PBXFileReference; fileEncoding = 4; lastKnownFileType = sourcecode.swift; path = "NSRegularExpression+Swift.swift"; sourceTree = "<group>"; };
		8EA7FB5D2539B570002DF39F /* Formatter.swift */ = {isa = PBXFileReference; fileEncoding = 4; lastKnownFileType = sourcecode.swift; path = Formatter.swift; sourceTree = "<group>"; };
		8EA7FB5E2539B570002DF39F /* MetadataManager.swift */ = {isa = PBXFileReference; fileEncoding = 4; lastKnownFileType = sourcecode.swift; path = MetadataManager.swift; sourceTree = "<group>"; };
		8EA7FB5F2539B570002DF39F /* PartialFormatter.swift */ = {isa = PBXFileReference; fileEncoding = 4; lastKnownFileType = sourcecode.swift; path = PartialFormatter.swift; sourceTree = "<group>"; };
		8EA7FB602539B570002DF39F /* PhoneNumberFormatter.swift */ = {isa = PBXFileReference; fileEncoding = 4; lastKnownFileType = sourcecode.swift; path = PhoneNumberFormatter.swift; sourceTree = "<group>"; };
		8EA7FB612539B570002DF39F /* PhoneNumberKit.swift */ = {isa = PBXFileReference; fileEncoding = 4; lastKnownFileType = sourcecode.swift; path = PhoneNumberKit.swift; sourceTree = "<group>"; };
		8EA7FB632539B570002DF39F /* PhoneNumberParser.swift */ = {isa = PBXFileReference; fileEncoding = 4; lastKnownFileType = sourcecode.swift; path = PhoneNumberParser.swift; sourceTree = "<group>"; };
		960B3E65C846C45B1B539F24 /* Pods_FramesIosTests.framework */ = {isa = PBXFileReference; explicitFileType = wrapper.framework; includeInIndex = 0; path = Pods_FramesIosTests.framework; sourceTree = BUILT_PRODUCTS_DIR; };
		CF0E2BDB2366039B000C3418 /* Customer.swift */ = {isa = PBXFileReference; fileEncoding = 4; lastKnownFileType = sourcecode.swift; path = Customer.swift; sourceTree = "<group>"; };
		CF0E2BDC2366039B000C3418 /* CustomerCardList.swift */ = {isa = PBXFileReference; fileEncoding = 4; lastKnownFileType = sourcecode.swift; path = CustomerCardList.swift; sourceTree = "<group>"; };
		CF0E2BDD2366039C000C3418 /* CustomerCard.swift */ = {isa = PBXFileReference; fileEncoding = 4; lastKnownFileType = sourcecode.swift; path = CustomerCard.swift; sourceTree = "<group>"; };
		E602EE78209D857900CC62A2 /* Alamofire.swift */ = {isa = PBXFileReference; lastKnownFileType = sourcecode.swift; path = Alamofire.swift; sourceTree = "<group>"; };
		E602EE7A209D85E200CC62A2 /* AFError.swift */ = {isa = PBXFileReference; lastKnownFileType = sourcecode.swift; path = AFError.swift; sourceTree = "<group>"; };
		E602EE7C209D861300CC62A2 /* DispatchQueue+Alamofire.swift */ = {isa = PBXFileReference; lastKnownFileType = sourcecode.swift; path = "DispatchQueue+Alamofire.swift"; sourceTree = "<group>"; };
		E602EE7E209D862700CC62A2 /* MultipartFormData.swift */ = {isa = PBXFileReference; lastKnownFileType = sourcecode.swift; path = MultipartFormData.swift; sourceTree = "<group>"; };
		E602EE80209D863F00CC62A2 /* NetworkReachabilityManager.swift */ = {isa = PBXFileReference; lastKnownFileType = sourcecode.swift; path = NetworkReachabilityManager.swift; sourceTree = "<group>"; };
		E602EE82209D866300CC62A2 /* Notifications.swift */ = {isa = PBXFileReference; lastKnownFileType = sourcecode.swift; path = Notifications.swift; sourceTree = "<group>"; };
		E602EE84209D867700CC62A2 /* ParameterEncoding.swift */ = {isa = PBXFileReference; lastKnownFileType = sourcecode.swift; path = ParameterEncoding.swift; sourceTree = "<group>"; };
		E602EE86209D868E00CC62A2 /* Request.swift */ = {isa = PBXFileReference; lastKnownFileType = sourcecode.swift; path = Request.swift; sourceTree = "<group>"; };
		E602EE88209D869E00CC62A2 /* Response.swift */ = {isa = PBXFileReference; lastKnownFileType = sourcecode.swift; path = Response.swift; sourceTree = "<group>"; };
		E602EE8A209D86B000CC62A2 /* ResponseSerialization.swift */ = {isa = PBXFileReference; lastKnownFileType = sourcecode.swift; path = ResponseSerialization.swift; sourceTree = "<group>"; };
		E602EE8C209D86C100CC62A2 /* Result.swift */ = {isa = PBXFileReference; lastKnownFileType = sourcecode.swift; path = Result.swift; sourceTree = "<group>"; };
		E602EE8E209D86D200CC62A2 /* ServerTrustPolicy.swift */ = {isa = PBXFileReference; lastKnownFileType = sourcecode.swift; path = ServerTrustPolicy.swift; sourceTree = "<group>"; };
		E602EE90209D86E200CC62A2 /* SessionDelegate.swift */ = {isa = PBXFileReference; lastKnownFileType = sourcecode.swift; path = SessionDelegate.swift; sourceTree = "<group>"; };
		E602EE92209D86F100CC62A2 /* SessionManager.swift */ = {isa = PBXFileReference; lastKnownFileType = sourcecode.swift; path = SessionManager.swift; sourceTree = "<group>"; };
		E602EE94209D870700CC62A2 /* TaskDelegate.swift */ = {isa = PBXFileReference; lastKnownFileType = sourcecode.swift; path = TaskDelegate.swift; sourceTree = "<group>"; };
		E602EE96209D871D00CC62A2 /* Timeline.swift */ = {isa = PBXFileReference; lastKnownFileType = sourcecode.swift; path = Timeline.swift; sourceTree = "<group>"; };
		E602EE98209D872B00CC62A2 /* Validation.swift */ = {isa = PBXFileReference; lastKnownFileType = sourcecode.swift; path = Validation.swift; sourceTree = "<group>"; };
		E608734520C689BB004E280C /* ThreedsWebViewControllerTests.swift */ = {isa = PBXFileReference; lastKnownFileType = sourcecode.swift; path = ThreedsWebViewControllerTests.swift; sourceTree = "<group>"; };
		E611019C20C9217E000BB9F4 /* CvvConfirmationViewControllerDelegate.swift */ = {isa = PBXFileReference; lastKnownFileType = sourcecode.swift; path = CvvConfirmationViewControllerDelegate.swift; sourceTree = "<group>"; };
		E61101A020C95880000BB9F4 /* SchemeIconsStackView.swift */ = {isa = PBXFileReference; lastKnownFileType = sourcecode.swift; path = SchemeIconsStackView.swift; sourceTree = "<group>"; };
		E61101A620C98B83000BB9F4 /* AddressView.swift */ = {isa = PBXFileReference; lastKnownFileType = sourcecode.swift; path = AddressView.swift; sourceTree = "<group>"; };
		E61101A820C9970D000BB9F4 /* CardView.swift */ = {isa = PBXFileReference; lastKnownFileType = sourcecode.swift; path = CardView.swift; sourceTree = "<group>"; };
		E61D068B20C02714007FC847 /* ThreedsWebViewController.swift */ = {isa = PBXFileReference; lastKnownFileType = sourcecode.swift; path = ThreedsWebViewController.swift; sourceTree = "<group>"; };
		E61D068D20C0277D007FC847 /* ThreedsWebViewControllerDelegate.swift */ = {isa = PBXFileReference; lastKnownFileType = sourcecode.swift; path = ThreedsWebViewControllerDelegate.swift; sourceTree = "<group>"; };
		E61D069020C049BD007FC847 /* CardNumberInputViewDelegate.swift */ = {isa = PBXFileReference; lastKnownFileType = sourcecode.swift; path = CardNumberInputViewDelegate.swift; sourceTree = "<group>"; };
		E625EE52208F905E0019B750 /* Environment.swift */ = {isa = PBXFileReference; lastKnownFileType = sourcecode.swift; path = Environment.swift; sourceTree = "<group>"; };
		E625EE5720907FCB0019B750 /* Usage.md */ = {isa = PBXFileReference; lastKnownFileType = net.daringfireball.markdown; name = Usage.md; path = Documentation/Usage.md; sourceTree = "<group>"; };
		E625EE5820907FFE0019B750 /* README.md */ = {isa = PBXFileReference; fileEncoding = 4; lastKnownFileType = net.daringfireball.markdown; path = README.md; sourceTree = "<group>"; };
		E625EE5A2090801C0019B750 /* CHANGELOG.md */ = {isa = PBXFileReference; fileEncoding = 4; lastKnownFileType = net.daringfireball.markdown; path = CHANGELOG.md; sourceTree = "<group>"; };
		E625EE5B2090801C0019B750 /* CONTRIBUTING.md */ = {isa = PBXFileReference; fileEncoding = 4; lastKnownFileType = net.daringfireball.markdown; path = CONTRIBUTING.md; sourceTree = "<group>"; };
		E625EE5E209080A40019B750 /* PULL_REQUEST_TEMPLATE.md */ = {isa = PBXFileReference; fileEncoding = 4; lastKnownFileType = net.daringfireball.markdown; name = PULL_REQUEST_TEMPLATE.md; path = .github/PULL_REQUEST_TEMPLATE.md; sourceTree = "<group>"; };
		E625EE5F209080A40019B750 /* CODE_OF_CONDUCT.md */ = {isa = PBXFileReference; fileEncoding = 4; lastKnownFileType = net.daringfireball.markdown; name = CODE_OF_CONDUCT.md; path = .github/CODE_OF_CONDUCT.md; sourceTree = "<group>"; };
		E625EE60209080A40019B750 /* ISSUE_TEMPLATE.md */ = {isa = PBXFileReference; fileEncoding = 4; lastKnownFileType = net.daringfireball.markdown; name = ISSUE_TEMPLATE.md; path = .github/ISSUE_TEMPLATE.md; sourceTree = "<group>"; };
		E625EE652090926F0019B750 /* LICENSE */ = {isa = PBXFileReference; fileEncoding = 4; lastKnownFileType = text; path = LICENSE; sourceTree = "<group>"; };
		E631CB672097552700023472 /* cardTokenInvalidNumber.json */ = {isa = PBXFileReference; lastKnownFileType = text.json; path = cardTokenInvalidNumber.json; sourceTree = "<group>"; };
		E631CB6E2097713C00023472 /* ErrorResponse.swift */ = {isa = PBXFileReference; lastKnownFileType = sourcecode.swift; path = ErrorResponse.swift; sourceTree = "<group>"; };
		E631CB7E2098B5C000023472 /* ExpirationDatePicker.swift */ = {isa = PBXFileReference; lastKnownFileType = sourcecode.swift; path = ExpirationDatePicker.swift; sourceTree = "<group>"; };
		E631CB802098B5D900023472 /* ExpirationDatePickerDelegate.swift */ = {isa = PBXFileReference; lastKnownFileType = sourcecode.swift; path = ExpirationDatePickerDelegate.swift; sourceTree = "<group>"; };
		E632AAB120AECA9500D2B9B6 /* UIResponderExtensions.swift */ = {isa = PBXFileReference; lastKnownFileType = sourcecode.swift; path = UIResponderExtensions.swift; sourceTree = "<group>"; };
		E632AAB420B4567C00D2B9B6 /* UIViewControllerExtensions.swift */ = {isa = PBXFileReference; lastKnownFileType = sourcecode.swift; path = UIViewControllerExtensions.swift; sourceTree = "<group>"; };
		E632AAB920B5779B00D2B9B6 /* AddressViewControllerMock.swift */ = {isa = PBXFileReference; lastKnownFileType = sourcecode.swift; path = AddressViewControllerMock.swift; sourceTree = "<group>"; };
		E632AABB20B578B200D2B9B6 /* CardViewControllerMock.swift */ = {isa = PBXFileReference; lastKnownFileType = sourcecode.swift; path = CardViewControllerMock.swift; sourceTree = "<group>"; };
		E632AABD20B578FF00D2B9B6 /* NotificationCenterMock.swift */ = {isa = PBXFileReference; lastKnownFileType = sourcecode.swift; path = NotificationCenterMock.swift; sourceTree = "<group>"; };
		E632AABF20B57EDF00D2B9B6 /* CvvInputView.swift */ = {isa = PBXFileReference; lastKnownFileType = sourcecode.swift; path = CvvInputView.swift; sourceTree = "<group>"; };
		E632AAC120B58CE900D2B9B6 /* InputState.swift */ = {isa = PBXFileReference; lastKnownFileType = sourcecode.swift; path = InputState.swift; sourceTree = "<group>"; };
		E63352D720A2EE09002C61C0 /* AddressViewController.swift */ = {isa = PBXFileReference; lastKnownFileType = sourcecode.swift; path = AddressViewController.swift; sourceTree = "<group>"; };
		E63352DA20A34992002C61C0 /* AddressViewControllerDelegate.swift */ = {isa = PBXFileReference; lastKnownFileType = sourcecode.swift; path = AddressViewControllerDelegate.swift; sourceTree = "<group>"; };
		E63352E020A45C07002C61C0 /* CardViewController.swift */ = {isa = PBXFileReference; lastKnownFileType = sourcecode.swift; path = CardViewController.swift; sourceTree = "<group>"; };
		E63352E620A4B252002C61C0 /* CardViewControllerDelegate.swift */ = {isa = PBXFileReference; lastKnownFileType = sourcecode.swift; path = CardViewControllerDelegate.swift; sourceTree = "<group>"; };
		E64B31DB20D1810F0088B7FD /* SchemeIconsStackViewTests.swift */ = {isa = PBXFileReference; lastKnownFileType = sourcecode.swift; path = SchemeIconsStackViewTests.swift; sourceTree = "<group>"; };
		E64B31DD20D2642E0088B7FD /* PhoneNumberInputViewTests.swift */ = {isa = PBXFileReference; lastKnownFileType = sourcecode.swift; path = PhoneNumberInputViewTests.swift; sourceTree = "<group>"; };
		E64B31DF20D26A930088B7FD /* ckoCardToken.json */ = {isa = PBXFileReference; lastKnownFileType = text.json; path = ckoCardToken.json; sourceTree = "<group>"; };
		E64B31E220D26EE80088B7FD /* CardViewTests.swift */ = {isa = PBXFileReference; lastKnownFileType = sourcecode.swift; path = CardViewTests.swift; sourceTree = "<group>"; };
		E64B31EB20D2D2FF0088B7FD /* AddressViewTests.swift */ = {isa = PBXFileReference; lastKnownFileType = sourcecode.swift; path = AddressViewTests.swift; sourceTree = "<group>"; };
		E64B321020D3CEBD0088B7FD /* StringExtensions.swift */ = {isa = PBXFileReference; lastKnownFileType = sourcecode.swift; path = StringExtensions.swift; sourceTree = "<group>"; };
		E653FEFB20C583A2002E4790 /* CardListCellName.swift */ = {isa = PBXFileReference; lastKnownFileType = sourcecode.swift; path = CardListCellName.swift; sourceTree = "<group>"; };
		E653FEFD20C58FA9002E4790 /* SimpleLoadingViewController.swift */ = {isa = PBXFileReference; lastKnownFileType = sourcecode.swift; path = SimpleLoadingViewController.swift; sourceTree = "<group>"; };
		E653FEFF20C59CCC002E4790 /* CvvConfirmationViewController.swift */ = {isa = PBXFileReference; lastKnownFileType = sourcecode.swift; path = CvvConfirmationViewController.swift; sourceTree = "<group>"; };
		E658531520D7C83600C261D7 /* iOS Example.md */ = {isa = PBXFileReference; fileEncoding = 4; lastKnownFileType = net.daringfireball.markdown; name = "iOS Example.md"; path = "Documentation/Walkthrough/iOS Example.md"; sourceTree = "<group>"; };
		E658531620D7C83600C261D7 /* iOS Example Frames.md */ = {isa = PBXFileReference; fileEncoding = 4; lastKnownFileType = net.daringfireball.markdown; name = "iOS Example Frames.md"; path = "Documentation/Walkthrough/iOS Example Frames.md"; sourceTree = "<group>"; };
		E658531920D7C84400C261D7 /* Customizing the Card View.md */ = {isa = PBXFileReference; fileEncoding = 4; lastKnownFileType = net.daringfireball.markdown; name = "Customizing the Card View.md"; path = "Documentation/Customizing the Card View.md"; sourceTree = "<group>"; };
		E658531B20D7DF6100C261D7 /* CvvConfirmationViewControllerTests.swift */ = {isa = PBXFileReference; lastKnownFileType = sourcecode.swift; path = CvvConfirmationViewControllerTests.swift; sourceTree = "<group>"; };
		E658531D20D7FFAE00C261D7 /* CardListCellNameTests.swift */ = {isa = PBXFileReference; lastKnownFileType = sourcecode.swift; path = CardListCellNameTests.swift; sourceTree = "<group>"; };
		E658531F20D8072600C261D7 /* NavigationControllerMock.swift */ = {isa = PBXFileReference; lastKnownFileType = sourcecode.swift; name = NavigationControllerMock.swift; path = Mocks/NavigationControllerMock.swift; sourceTree = "<group>"; };
		E658532120D8076E00C261D7 /* AddressViewControllerMockDelegate.swift */ = {isa = PBXFileReference; lastKnownFileType = sourcecode.swift; name = AddressViewControllerMockDelegate.swift; path = Mocks/AddressViewControllerMockDelegate.swift; sourceTree = "<group>"; };
		E658532320D8099A00C261D7 /* CardNumberInputViewMockDelegate.swift */ = {isa = PBXFileReference; lastKnownFileType = sourcecode.swift; name = CardNumberInputViewMockDelegate.swift; path = Mocks/CardNumberInputViewMockDelegate.swift; sourceTree = "<group>"; };
		E658532520D80A9000C261D7 /* CvvViewControllerDelegateMock.swift */ = {isa = PBXFileReference; lastKnownFileType = sourcecode.swift; name = CvvViewControllerDelegateMock.swift; path = Mocks/CvvViewControllerDelegateMock.swift; sourceTree = "<group>"; };
		E658532720D80AF600C261D7 /* CardViewControllerMockDelegate.swift */ = {isa = PBXFileReference; lastKnownFileType = sourcecode.swift; name = CardViewControllerMockDelegate.swift; path = Mocks/CardViewControllerMockDelegate.swift; sourceTree = "<group>"; };
		E658532920D80B3700C261D7 /* CvvInputViewMockDelegate.swift */ = {isa = PBXFileReference; lastKnownFileType = sourcecode.swift; name = CvvInputViewMockDelegate.swift; path = Mocks/CvvInputViewMockDelegate.swift; sourceTree = "<group>"; };
		E66406D42089FA39000431E5 /* FramesIos.framework */ = {isa = PBXFileReference; explicitFileType = wrapper.framework; includeInIndex = 0; path = FramesIos.framework; sourceTree = BUILT_PRODUCTS_DIR; };
		E66406D72089FA39000431E5 /* CheckoutSdkIos.h */ = {isa = PBXFileReference; lastKnownFileType = sourcecode.c.h; path = CheckoutSdkIos.h; sourceTree = "<group>"; };
		E66406D82089FA39000431E5 /* Info.plist */ = {isa = PBXFileReference; lastKnownFileType = text.plist.xml; path = Info.plist; sourceTree = "<group>"; };
		E664070F208DD550000431E5 /* CheckoutAPIClient.swift */ = {isa = PBXFileReference; lastKnownFileType = sourcecode.swift; path = CheckoutAPIClient.swift; sourceTree = "<group>"; };
		E6640711208DDCF5000431E5 /* LinuxMain.swift */ = {isa = PBXFileReference; lastKnownFileType = sourcecode.swift; path = LinuxMain.swift; sourceTree = "<group>"; };
		E664071A208DE11D000431E5 /* Endpoint.swift */ = {isa = PBXFileReference; lastKnownFileType = sourcecode.swift; path = Endpoint.swift; sourceTree = "<group>"; };
		E664071C208DE174000431E5 /* CardType.swift */ = {isa = PBXFileReference; lastKnownFileType = sourcecode.swift; path = CardType.swift; sourceTree = "<group>"; };
		E664071E208DE199000431E5 /* CardScheme.swift */ = {isa = PBXFileReference; lastKnownFileType = sourcecode.swift; path = CardScheme.swift; sourceTree = "<group>"; };
		E6640720208DE2AA000431E5 /* CardUtils.swift */ = {isa = PBXFileReference; lastKnownFileType = sourcecode.swift; path = CardUtils.swift; sourceTree = "<group>"; };
		E6646FB520CE9E5900D8353A /* CkoCardTokenRequest.swift */ = {isa = PBXFileReference; lastKnownFileType = sourcecode.swift; path = CkoCardTokenRequest.swift; sourceTree = "<group>"; };
		E6646FB720CE9FD400D8353A /* CkoAddress.swift */ = {isa = PBXFileReference; lastKnownFileType = sourcecode.swift; path = CkoAddress.swift; sourceTree = "<group>"; };
		E6646FB920CEA78F00D8353A /* CkoCardTokenResponse.swift */ = {isa = PBXFileReference; lastKnownFileType = sourcecode.swift; path = CkoCardTokenResponse.swift; sourceTree = "<group>"; };
		E664702520CEDD7500D8353A /* PhoneNumberInputView.swift */ = {isa = PBXFileReference; lastKnownFileType = sourcecode.swift; path = PhoneNumberInputView.swift; sourceTree = "<group>"; };
		E670A86620CA9722002348A5 /* CvvInputViewTests.swift */ = {isa = PBXFileReference; lastKnownFileType = sourcecode.swift; path = CvvInputViewTests.swift; sourceTree = "<group>"; };
		E67AB8D1219C34E80049ADAA /* CheckoutTokenStatus.swift */ = {isa = PBXFileReference; lastKnownFileType = sourcecode.swift; path = CheckoutTokenStatus.swift; sourceTree = "<group>"; };
		E67AB96D208DF9D800593FBE /* CardUtilsTests.swift */ = {isa = PBXFileReference; lastKnownFileType = sourcecode.swift; path = CardUtilsTests.swift; sourceTree = "<group>"; };
		E67AB993208E1CC600593FBE /* CardProvider.swift */ = {isa = PBXFileReference; lastKnownFileType = sourcecode.swift; path = CardProvider.swift; sourceTree = "<group>"; };
		E67AB995208E1CF100593FBE /* CardProviderResponse.swift */ = {isa = PBXFileReference; lastKnownFileType = sourcecode.swift; path = CardProviderResponse.swift; sourceTree = "<group>"; };
		E67AB997208E2BBA00593FBE /* CheckoutAPIClientTests.swift */ = {isa = PBXFileReference; lastKnownFileType = sourcecode.swift; path = CheckoutAPIClientTests.swift; sourceTree = "<group>"; };
		E67AB9A4208F41AB00593FBE /* cardProviders.json */ = {isa = PBXFileReference; lastKnownFileType = text.json; path = cardProviders.json; sourceTree = "<group>"; };
		E680EBCC20A9E75C000BEED8 /* CardListCell.swift */ = {isa = PBXFileReference; lastKnownFileType = sourcecode.swift; path = CardListCell.swift; sourceTree = "<group>"; };
		E6837285209C628B00C11D67 /* CardNumberInputView.swift */ = {isa = PBXFileReference; lastKnownFileType = sourcecode.swift; path = CardNumberInputView.swift; sourceTree = "<group>"; };
		E6837287209C62A100C11D67 /* ExpirationDateInputView.swift */ = {isa = PBXFileReference; lastKnownFileType = sourcecode.swift; path = ExpirationDateInputView.swift; sourceTree = "<group>"; };
		E6837289209C62B300C11D67 /* StandardInputView.swift */ = {isa = PBXFileReference; lastKnownFileType = sourcecode.swift; path = StandardInputView.swift; sourceTree = "<group>"; };
		E683728D209C6CB000C11D67 /* CheckoutSdkIos.swift */ = {isa = PBXFileReference; lastKnownFileType = sourcecode.swift; path = CheckoutSdkIos.swift; sourceTree = "<group>"; };
		E6AD845920F4C233009D8F00 /* Frames.podspec */ = {isa = PBXFileReference; fileEncoding = 4; lastKnownFileType = text; path = Frames.podspec; sourceTree = "<group>"; };
		E6AF0A0520AACE8A00D29929 /* ExpirationDatePickerTests.swift */ = {isa = PBXFileReference; lastKnownFileType = sourcecode.swift; path = ExpirationDatePickerTests.swift; sourceTree = "<group>"; };
		E6AF0A0720AACEC300D29929 /* CardListCellTests.swift */ = {isa = PBXFileReference; lastKnownFileType = sourcecode.swift; path = CardListCellTests.swift; sourceTree = "<group>"; };
		E6AF0A0920AACEFA00D29929 /* AddressViewControllerTests.swift */ = {isa = PBXFileReference; lastKnownFileType = sourcecode.swift; path = AddressViewControllerTests.swift; sourceTree = "<group>"; };
		E6AF0A0B20AACF2100D29929 /* CountrySelectionViewControllerTests.swift */ = {isa = PBXFileReference; lastKnownFileType = sourcecode.swift; path = CountrySelectionViewControllerTests.swift; sourceTree = "<group>"; };
		E6AF0A0D20AACF3A00D29929 /* CardNumberInputViewTests.swift */ = {isa = PBXFileReference; lastKnownFileType = sourcecode.swift; path = CardNumberInputViewTests.swift; sourceTree = "<group>"; };
		E6AF0A0F20AAD00600D29929 /* ExpirationDateInputViewTests.swift */ = {isa = PBXFileReference; lastKnownFileType = sourcecode.swift; path = ExpirationDateInputViewTests.swift; sourceTree = "<group>"; };
		E6AF0A1120AADA9A00D29929 /* StandardInputViewTests.swift */ = {isa = PBXFileReference; lastKnownFileType = sourcecode.swift; path = StandardInputViewTests.swift; sourceTree = "<group>"; };
		E6AF0A1C20AADFF600D29929 /* arrows */ = {isa = PBXFileReference; lastKnownFileType = folder; path = arrows; sourceTree = "<group>"; };
		E6AF0A3C20AAE46600D29929 /* schemes */ = {isa = PBXFileReference; lastKnownFileType = folder; path = schemes; sourceTree = "<group>"; };
		E6AF0A3E20AAF3E200D29929 /* CardViewControllerTests.swift */ = {isa = PBXFileReference; lastKnownFileType = sourcecode.swift; path = CardViewControllerTests.swift; sourceTree = "<group>"; };
		E6AF0A4420AB29D400D29929 /* en */ = {isa = PBXFileReference; lastKnownFileType = text.plist.strings; name = en; path = en.lproj/Localizable.strings; sourceTree = "<group>"; };
		E6AF0A4620AB29EB00D29929 /* fr */ = {isa = PBXFileReference; lastKnownFileType = text.plist.strings; name = fr; path = fr.lproj/Localizable.strings; sourceTree = "<group>"; };
		E6AF0A4A20AB3C8D00D29929 /* es */ = {isa = PBXFileReference; lastKnownFileType = text.plist.strings; name = es; path = es.lproj/Localizable.strings; sourceTree = "<group>"; };
		E6AF0A4B20AB3C9300D29929 /* de */ = {isa = PBXFileReference; lastKnownFileType = text.plist.strings; name = de; path = de.lproj/Localizable.strings; sourceTree = "<group>"; };
		E6AF0A4C20AB3C9800D29929 /* it */ = {isa = PBXFileReference; lastKnownFileType = text.plist.strings; name = it; path = it.lproj/Localizable.strings; sourceTree = "<group>"; };
		E6AF0A4D20AB3C9D00D29929 /* nl */ = {isa = PBXFileReference; lastKnownFileType = text.plist.strings; name = nl; path = nl.lproj/Localizable.strings; sourceTree = "<group>"; };
		E6AF0A4E20AB448700D29929 /* DetailsInputViewTests.swift */ = {isa = PBXFileReference; lastKnownFileType = sourcecode.swift; path = DetailsInputViewTests.swift; sourceTree = "<group>"; };
		E6BEBDB320C15EE700C3130A /* CkoPhoneNumber.swift */ = {isa = PBXFileReference; fileEncoding = 4; lastKnownFileType = sourcecode.swift; path = CkoPhoneNumber.swift; sourceTree = "<group>"; };
		E6BEBDBD20C171FA00C3130A /* ApplePayTokenRequest.swift */ = {isa = PBXFileReference; lastKnownFileType = sourcecode.swift; path = ApplePayTokenRequest.swift; sourceTree = "<group>"; };
		E6D0208621943DE10025D0C0 /* CheckoutTheme.swift */ = {isa = PBXFileReference; lastKnownFileType = sourcecode.swift; path = CheckoutTheme.swift; sourceTree = "<group>"; };
		E6D44876208F628500B5FA14 /* Package.swift */ = {isa = PBXFileReference; fileEncoding = 4; lastKnownFileType = sourcecode.swift; path = Package.swift; sourceTree = "<group>"; };
		E6DC28F720A19F3C009FA38B /* DetailsInputView.swift */ = {isa = PBXFileReference; lastKnownFileType = sourcecode.swift; path = DetailsInputView.swift; sourceTree = "<group>"; };
		E6DC28FA20A1D9EE009FA38B /* CountrySelectionViewController.swift */ = {isa = PBXFileReference; lastKnownFileType = sourcecode.swift; path = CountrySelectionViewController.swift; sourceTree = "<group>"; };
		E6DC28FD20A1E0E7009FA38B /* UIViewExtensions.swift */ = {isa = PBXFileReference; lastKnownFileType = sourcecode.swift; path = UIViewExtensions.swift; sourceTree = "<group>"; };
		E6DC28FF20A1F6D3009FA38B /* CountrySelectionViewControllerDelegate.swift */ = {isa = PBXFileReference; lastKnownFileType = sourcecode.swift; path = CountrySelectionViewControllerDelegate.swift; sourceTree = "<group>"; };
		E6DED6E4208DF82500D5D70B /* FramesIosTests.xctest */ = {isa = PBXFileReference; explicitFileType = wrapper.cfbundle; includeInIndex = 0; path = FramesIosTests.xctest; sourceTree = BUILT_PRODUCTS_DIR; };
		E6DED6E8208DF82500D5D70B /* Info.plist */ = {isa = PBXFileReference; lastKnownFileType = text.plist.xml; path = Info.plist; sourceTree = "<group>"; };
		E6F6B56E20AD832B0091A8AF /* applePayToken.json */ = {isa = PBXFileReference; lastKnownFileType = text.json; path = applePayToken.json; sourceTree = "<group>"; };
		E6F6B57020ADBD230091A8AF /* applePayTokenInvalid.json */ = {isa = PBXFileReference; lastKnownFileType = text.json; path = applePayTokenInvalid.json; sourceTree = "<group>"; };
		E6F6B57220ADC0BA0091A8AF /* checkmarks */ = {isa = PBXFileReference; lastKnownFileType = folder; path = checkmarks; sourceTree = "<group>"; };
		E6FC27FF20D8F68300809458 /* SimpleLoadingViewControllerTests.swift */ = {isa = PBXFileReference; lastKnownFileType = sourcecode.swift; path = SimpleLoadingViewControllerTests.swift; sourceTree = "<group>"; };
		E6FC284A20DA62C500809458 /* CvvInputViewDelegate.swift */ = {isa = PBXFileReference; lastKnownFileType = sourcecode.swift; path = CvvInputViewDelegate.swift; sourceTree = "<group>"; };
		F610F14FD7C3059AACD17BF7 /* Pods_FramesIos.framework */ = {isa = PBXFileReference; explicitFileType = wrapper.framework; includeInIndex = 0; path = Pods_FramesIos.framework; sourceTree = BUILT_PRODUCTS_DIR; };
/* End PBXFileReference section */

/* Begin PBXFrameworksBuildPhase section */
		E66406D02089FA39000431E5 /* Frameworks */ = {
			isa = PBXFrameworksBuildPhase;
			buildActionMask = 2147483647;
			files = (
				3DBA9C49D2A79CD6A293669E /* Pods_FramesIos.framework in Frameworks */,
			);
			runOnlyForDeploymentPostprocessing = 0;
		};
		E6DED6E1208DF82500D5D70B /* Frameworks */ = {
			isa = PBXFrameworksBuildPhase;
			buildActionMask = 2147483647;
			files = (
				E6DED6E9208DF82500D5D70B /* FramesIos.framework in Frameworks */,
				C05921A046069B80E37C8799 /* Pods_FramesIosTests.framework in Frameworks */,
			);
			runOnlyForDeploymentPostprocessing = 0;
		};
/* End PBXFrameworksBuildPhase section */

/* Begin PBXGroup section */
		8EA7FB4A2539B570002DF39F /* PhoneNumberKit */ = {
			isa = PBXGroup;
			children = (
				8EA7FB4B2539B570002DF39F /* Constants.swift */,
				8EA7FB4C2539B570002DF39F /* UI */,
				8EA7FB4F2539B570002DF39F /* Bundle+Resources.swift */,
				8EA7FB502539B570002DF39F /* PhoneNumber.swift */,
				8EA7FB512539B570002DF39F /* RegexManager.swift */,
				8EA7FB522539B570002DF39F /* MetadataTypes.swift */,
				8EA7FB532539B570002DF39F /* MetadataParsing.swift */,
				8EA7FB542539B570002DF39F /* ParseManager.swift */,
				8EA7FB552539B570002DF39F /* Resources */,
				8EA7FB5B2539B570002DF39F /* PhoneNumberKit.h */,
				8EA7FB5C2539B570002DF39F /* NSRegularExpression+Swift.swift */,
				8EA7FB5D2539B570002DF39F /* Formatter.swift */,
				8EA7FB5E2539B570002DF39F /* MetadataManager.swift */,
				8EA7FB5F2539B570002DF39F /* PartialFormatter.swift */,
				8EA7FB602539B570002DF39F /* PhoneNumberFormatter.swift */,
				8EA7FB612539B570002DF39F /* PhoneNumberKit.swift */,
				8EA7FB632539B570002DF39F /* PhoneNumberParser.swift */,
			);
			path = PhoneNumberKit;
			sourceTree = "<group>";
		};
		8EA7FB4C2539B570002DF39F /* UI */ = {
			isa = PBXGroup;
			children = (
				8EA7FB4D2539B570002DF39F /* CountryCodePickerViewController.swift */,
				8EA7FB4E2539B570002DF39F /* PhoneNumberTextField.swift */,
			);
			path = UI;
			sourceTree = "<group>";
		};
		8EA7FB552539B570002DF39F /* Resources */ = {
			isa = PBXGroup;
			children = (
				8EA7FB562539B570002DF39F /* Original */,
				8EA7FB582539B570002DF39F /* PhoneNumberMetadata.json */,
			);
			path = Resources;
			sourceTree = "<group>";
		};
		8EA7FB562539B570002DF39F /* Original */ = {
			isa = PBXGroup;
			children = (
				8EA7FB572539B570002DF39F /* PhoneNumberMetadata.xml */,
			);
			path = Original;
			sourceTree = "<group>";
		};
		B591B24786EFC6634F7201B9 /* Frameworks */ = {
			isa = PBXGroup;
			children = (
				F610F14FD7C3059AACD17BF7 /* Pods_FramesIos.framework */,
				960B3E65C846C45B1B539F24 /* Pods_FramesIosTests.framework */,
			);
			name = Frameworks;
			sourceTree = "<group>";
		};
		E602EE77209D855B00CC62A2 /* Alamofire */ = {
			isa = PBXGroup;
			children = (
				E602EE78209D857900CC62A2 /* Alamofire.swift */,
				E602EE7C209D861300CC62A2 /* DispatchQueue+Alamofire.swift */,
				E602EE7E209D862700CC62A2 /* MultipartFormData.swift */,
				E602EE82209D866300CC62A2 /* Notifications.swift */,
				E602EE80209D863F00CC62A2 /* NetworkReachabilityManager.swift */,
				E602EE86209D868E00CC62A2 /* Request.swift */,
				E602EE8C209D86C100CC62A2 /* Result.swift */,
				E602EE8E209D86D200CC62A2 /* ServerTrustPolicy.swift */,
				E602EE88209D869E00CC62A2 /* Response.swift */,
				E602EE90209D86E200CC62A2 /* SessionDelegate.swift */,
				E602EE8A209D86B000CC62A2 /* ResponseSerialization.swift */,
				E602EE94209D870700CC62A2 /* TaskDelegate.swift */,
				E602EE96209D871D00CC62A2 /* Timeline.swift */,
				E602EE84209D867700CC62A2 /* ParameterEncoding.swift */,
				E602EE98209D872B00CC62A2 /* Validation.swift */,
				E602EE92209D86F100CC62A2 /* SessionManager.swift */,
				E602EE7A209D85E200CC62A2 /* AFError.swift */,
			);
			path = Alamofire;
			sourceTree = "<group>";
		};
		E61101A220C95976000BB9F4 /* Controllers */ = {
			isa = PBXGroup;
			children = (
				E63352D720A2EE09002C61C0 /* AddressViewController.swift */,
				E63352E020A45C07002C61C0 /* CardViewController.swift */,
				E6DC28FA20A1D9EE009FA38B /* CountrySelectionViewController.swift */,
				E653FEFF20C59CCC002E4790 /* CvvConfirmationViewController.swift */,
				E653FEFD20C58FA9002E4790 /* SimpleLoadingViewController.swift */,
				E61D068B20C02714007FC847 /* ThreedsWebViewController.swift */,
			);
			name = Controllers;
			sourceTree = "<group>";
		};
		E61101A320C95984000BB9F4 /* Views */ = {
			isa = PBXGroup;
			children = (
				E61101A620C98B83000BB9F4 /* AddressView.swift */,
				E6837285209C628B00C11D67 /* CardNumberInputView.swift */,
				E61101A820C9970D000BB9F4 /* CardView.swift */,
				E632AABF20B57EDF00D2B9B6 /* CvvInputView.swift */,
				E6DC28F720A19F3C009FA38B /* DetailsInputView.swift */,
				E6837287209C62A100C11D67 /* ExpirationDateInputView.swift */,
				E664702520CEDD7500D8353A /* PhoneNumberInputView.swift */,
				E61101A020C95880000BB9F4 /* SchemeIconsStackView.swift */,
				E6837289209C62B300C11D67 /* StandardInputView.swift */,
			);
			name = Views;
			sourceTree = "<group>";
		};
		E631CB7D2098B5A800023472 /* UI */ = {
			isa = PBXGroup;
			children = (
				E680EBCC20A9E75C000BEED8 /* CardListCell.swift */,
				E653FEFB20C583A2002E4790 /* CardListCellName.swift */,
				E631CB7E2098B5C000023472 /* ExpirationDatePicker.swift */,
				E61101A220C95976000BB9F4 /* Controllers */,
				E6B7378720CA86840038F2E5 /* Delegates */,
				E61101A320C95984000BB9F4 /* Views */,
			);
			name = UI;
			sourceTree = "<group>";
		};
		E632AAB620B5771B00D2B9B6 /* Mocks */ = {
			isa = PBXGroup;
			children = (
				E632AAB920B5779B00D2B9B6 /* AddressViewControllerMock.swift */,
				E658532520D80A9000C261D7 /* CvvViewControllerDelegateMock.swift */,
				E658532320D8099A00C261D7 /* CardNumberInputViewMockDelegate.swift */,
				E658532720D80AF600C261D7 /* CardViewControllerMockDelegate.swift */,
				E658532120D8076E00C261D7 /* AddressViewControllerMockDelegate.swift */,
				E658532920D80B3700C261D7 /* CvvInputViewMockDelegate.swift */,
				E632AABB20B578B200D2B9B6 /* CardViewControllerMock.swift */,
				E632AABD20B578FF00D2B9B6 /* NotificationCenterMock.swift */,
				E658531F20D8072600C261D7 /* NavigationControllerMock.swift */,
			);
			name = Mocks;
			sourceTree = "<group>";
		};
		E64B31D820D1806E0088B7FD /* Views */ = {
			isa = PBXGroup;
			children = (
				E64B31DB20D1810F0088B7FD /* SchemeIconsStackViewTests.swift */,
				E64B31EB20D2D2FF0088B7FD /* AddressViewTests.swift */,
				E64B31DD20D2642E0088B7FD /* PhoneNumberInputViewTests.swift */,
				E64B31E220D26EE80088B7FD /* CardViewTests.swift */,
			);
			path = Views;
			sourceTree = "<group>";
		};
		E64B320F20D3CD440088B7FD /* Localizables */ = {
			isa = PBXGroup;
			children = (
				E6AF0A4520AB29D400D29929 /* Localizable.strings */,
			);
			name = Localizables;
			sourceTree = "<group>";
		};
		E658531420D7C73800C261D7 /* Walkthrough */ = {
			isa = PBXGroup;
			children = (
				E658531620D7C83600C261D7 /* iOS Example Frames.md */,
				E658531520D7C83600C261D7 /* iOS Example.md */,
			);
			name = Walkthrough;
			sourceTree = "<group>";
		};
		E66406CA2089FA39000431E5 = {
			isa = PBXGroup;
			children = (
				E664070A208A07B5000431E5 /* Deployment */,
				E664070B208A07BE000431E5 /* Documentation */,
				E66407062089FCB5000431E5 /* Tests */,
				E66407052089FCA3000431E5 /* Source */,
				E66406D52089FA39000431E5 /* Products */,
				F8441EC54C69F84B095B99CD /* Pods */,
				B591B24786EFC6634F7201B9 /* Frameworks */,
			);
			sourceTree = "<group>";
		};
		E66406D52089FA39000431E5 /* Products */ = {
			isa = PBXGroup;
			children = (
				E66406D42089FA39000431E5 /* FramesIos.framework */,
				E6DED6E4208DF82500D5D70B /* FramesIosTests.xctest */,
			);
			name = Products;
			sourceTree = "<group>";
		};
		E66407052089FCA3000431E5 /* Source */ = {
			isa = PBXGroup;
			children = (
				E6640720208DE2AA000431E5 /* CardUtils.swift */,
				E664070F208DD550000431E5 /* CheckoutAPIClient.swift */,
				E683728D209C6CB000C11D67 /* CheckoutSdkIos.swift */,
				E6D0208621943DE10025D0C0 /* CheckoutTheme.swift */,
				E602EE77209D855B00CC62A2 /* Alamofire */,
				E6640707208A0753000431E5 /* Core */,
				8EA7FB4A2539B570002DF39F /* PhoneNumberKit */,
				E6DC28FC20A1E0D0009FA38B /* Extensions */,
				E6AF0A1320AADE6F00D29929 /* Resources */,
				E6640709208A07A6000431E5 /* Supporting Files */,
				E631CB7D2098B5A800023472 /* UI */,
			);
			path = Source;
			sourceTree = "<group>";
		};
		E66407062089FCB5000431E5 /* Tests */ = {
			isa = PBXGroup;
			children = (
				E6640711208DDCF5000431E5 /* LinuxMain.swift */,
				E6640715208DDFE6000431E5 /* Core */,
				E67AB9A3208F412500593FBE /* Fixtures */,
				E632AAB620B5771B00D2B9B6 /* Mocks */,
				E67AB9A7208F4C8500593FBE /* Supporting Files */,
				E6AF0A0420AACE4E00D29929 /* UI */,
			);
			path = Tests;
			sourceTree = "<group>";
		};
		E6640707208A0753000431E5 /* Core */ = {
			isa = PBXGroup;
			children = (
				E6BEBDBD20C171FA00C3130A /* ApplePayTokenRequest.swift */,
				E67AB993208E1CC600593FBE /* CardProvider.swift */,
				E67AB995208E1CF100593FBE /* CardProviderResponse.swift */,
				E664071E208DE199000431E5 /* CardScheme.swift */,
				E664071C208DE174000431E5 /* CardType.swift */,
				E67AB8D1219C34E80049ADAA /* CheckoutTokenStatus.swift */,
				E6646FB720CE9FD400D8353A /* CkoAddress.swift */,
				E6646FB520CE9E5900D8353A /* CkoCardTokenRequest.swift */,
				E6646FB920CEA78F00D8353A /* CkoCardTokenResponse.swift */,
				E6BEBDB320C15EE700C3130A /* CkoPhoneNumber.swift */,
				CF0E2BDB2366039B000C3418 /* Customer.swift */,
				CF0E2BDD2366039C000C3418 /* CustomerCard.swift */,
				CF0E2BDC2366039B000C3418 /* CustomerCardList.swift */,
				E664071A208DE11D000431E5 /* Endpoint.swift */,
				E625EE52208F905E0019B750 /* Environment.swift */,
				E631CB6E2097713C00023472 /* ErrorResponse.swift */,
				E632AAC120B58CE900D2B9B6 /* InputState.swift */,
			);
			name = Core;
			sourceTree = "<group>";
		};
		E6640709208A07A6000431E5 /* Supporting Files */ = {
			isa = PBXGroup;
			children = (
				E66406D82089FA39000431E5 /* Info.plist */,
				E66406D72089FA39000431E5 /* CheckoutSdkIos.h */,
			);
			name = "Supporting Files";
			sourceTree = "<group>";
		};
		E664070A208A07B5000431E5 /* Deployment */ = {
			isa = PBXGroup;
			children = (
				E6D44876208F628500B5FA14 /* Package.swift */,
				E6AD845920F4C233009D8F00 /* Frames.podspec */,
				E625EE652090926F0019B750 /* LICENSE */,
			);
			name = Deployment;
			sourceTree = "<group>";
		};
		E664070B208A07BE000431E5 /* Documentation */ = {
			isa = PBXGroup;
			children = (
				E658531420D7C73800C261D7 /* Walkthrough */,
				E625EE5720907FCB0019B750 /* Usage.md */,
				E625EE5820907FFE0019B750 /* README.md */,
				E625EE5F209080A40019B750 /* CODE_OF_CONDUCT.md */,
				E625EE60209080A40019B750 /* ISSUE_TEMPLATE.md */,
				E658531920D7C84400C261D7 /* Customizing the Card View.md */,
				E625EE5E209080A40019B750 /* PULL_REQUEST_TEMPLATE.md */,
				E625EE5A2090801C0019B750 /* CHANGELOG.md */,
				E625EE5B2090801C0019B750 /* CONTRIBUTING.md */,
			);
			name = Documentation;
			sourceTree = "<group>";
		};
		E6640715208DDFE6000431E5 /* Core */ = {
			isa = PBXGroup;
			children = (
				E67AB96D208DF9D800593FBE /* CardUtilsTests.swift */,
				E67AB997208E2BBA00593FBE /* CheckoutAPIClientTests.swift */,
			);
			name = Core;
			sourceTree = "<group>";
		};
		E67AB9A3208F412500593FBE /* Fixtures */ = {
			isa = PBXGroup;
			children = (
				E6F6B56E20AD832B0091A8AF /* applePayToken.json */,
				E6F6B57020ADBD230091A8AF /* applePayTokenInvalid.json */,
				E67AB9A4208F41AB00593FBE /* cardProviders.json */,
				E64B31DF20D26A930088B7FD /* ckoCardToken.json */,
				E631CB672097552700023472 /* cardTokenInvalidNumber.json */,
			);
			path = Fixtures;
			sourceTree = "<group>";
		};
		E67AB9A7208F4C8500593FBE /* Supporting Files */ = {
			isa = PBXGroup;
			children = (
				E6DED6E8208DF82500D5D70B /* Info.plist */,
			);
			name = "Supporting Files";
			sourceTree = "<group>";
		};
		E6AF0A0420AACE4E00D29929 /* UI */ = {
			isa = PBXGroup;
			children = (
				E6AF0A0920AACEFA00D29929 /* AddressViewControllerTests.swift */,
				E64B31D820D1806E0088B7FD /* Views */,
				E6AF0A0720AACEC300D29929 /* CardListCellTests.swift */,
				E6FC27FF20D8F68300809458 /* SimpleLoadingViewControllerTests.swift */,
				E658531D20D7FFAE00C261D7 /* CardListCellNameTests.swift */,
				E6AF0A0D20AACF3A00D29929 /* CardNumberInputViewTests.swift */,
				E658531B20D7DF6100C261D7 /* CvvConfirmationViewControllerTests.swift */,
				E6AF0A3E20AAF3E200D29929 /* CardViewControllerTests.swift */,
				E670A86620CA9722002348A5 /* CvvInputViewTests.swift */,
				E6AF0A0B20AACF2100D29929 /* CountrySelectionViewControllerTests.swift */,
				E6AF0A4E20AB448700D29929 /* DetailsInputViewTests.swift */,
				E6AF0A0F20AAD00600D29929 /* ExpirationDateInputViewTests.swift */,
				E6AF0A0520AACE8A00D29929 /* ExpirationDatePickerTests.swift */,
				E6AF0A1120AADA9A00D29929 /* StandardInputViewTests.swift */,
				E608734520C689BB004E280C /* ThreedsWebViewControllerTests.swift */,
			);
			name = UI;
			sourceTree = "<group>";
		};
		E6AF0A1320AADE6F00D29929 /* Resources */ = {
			isa = PBXGroup;
			children = (
				E64B320F20D3CD440088B7FD /* Localizables */,
				E6F6B57220ADC0BA0091A8AF /* checkmarks */,
				E6AF0A3C20AAE46600D29929 /* schemes */,
				E6AF0A1C20AADFF600D29929 /* arrows */,
			);
			path = Resources;
			sourceTree = "<group>";
		};
		E6B7378720CA86840038F2E5 /* Delegates */ = {
			isa = PBXGroup;
			children = (
				E63352DA20A34992002C61C0 /* AddressViewControllerDelegate.swift */,
				E6FC284A20DA62C500809458 /* CvvInputViewDelegate.swift */,
				E61D069020C049BD007FC847 /* CardNumberInputViewDelegate.swift */,
				E63352E620A4B252002C61C0 /* CardViewControllerDelegate.swift */,
				E6DC28FF20A1F6D3009FA38B /* CountrySelectionViewControllerDelegate.swift */,
				E611019C20C9217E000BB9F4 /* CvvConfirmationViewControllerDelegate.swift */,
				E631CB802098B5D900023472 /* ExpirationDatePickerDelegate.swift */,
				E61D068D20C0277D007FC847 /* ThreedsWebViewControllerDelegate.swift */,
			);
			name = Delegates;
			sourceTree = "<group>";
		};
		E6DC28FC20A1E0D0009FA38B /* Extensions */ = {
			isa = PBXGroup;
			children = (
				E6DC28FD20A1E0E7009FA38B /* UIViewExtensions.swift */,
				E632AAB420B4567C00D2B9B6 /* UIViewControllerExtensions.swift */,
				E632AAB120AECA9500D2B9B6 /* UIResponderExtensions.swift */,
				E64B321020D3CEBD0088B7FD /* StringExtensions.swift */,
			);
			name = Extensions;
			sourceTree = "<group>";
		};
		F8441EC54C69F84B095B99CD /* Pods */ = {
			isa = PBXGroup;
			children = (
				3370A09BC52FB4744D61DE9C /* Pods-FramesIos.debug.xcconfig */,
				6268AF6F3674C5D4B9AB1E4C /* Pods-FramesIos.release.xcconfig */,
				7A05DCA3DA23A5B90A28088B /* Pods-FramesIosTests.debug.xcconfig */,
				8DBAC9EA5BF3D8D794691344 /* Pods-FramesIosTests.release.xcconfig */,
			);
			name = Pods;
			sourceTree = "<group>";
		};
/* End PBXGroup section */

/* Begin PBXHeadersBuildPhase section */
		E66406D12089FA39000431E5 /* Headers */ = {
			isa = PBXHeadersBuildPhase;
			buildActionMask = 2147483647;
			files = (
				E66406D92089FA39000431E5 /* CheckoutSdkIos.h in Headers */,
				8EA7FB712539B570002DF39F /* PhoneNumberKit.h in Headers */,
			);
			runOnlyForDeploymentPostprocessing = 0;
		};
/* End PBXHeadersBuildPhase section */

/* Begin PBXNativeTarget section */
		E66406D32089FA39000431E5 /* FramesIos */ = {
			isa = PBXNativeTarget;
			buildConfigurationList = E66406DC2089FA39000431E5 /* Build configuration list for PBXNativeTarget "FramesIos" */;
			buildPhases = (
				82B777732C289CF63B24A560 /* [CP] Check Pods Manifest.lock */,
				E66406CF2089FA39000431E5 /* Sources */,
				E66406D02089FA39000431E5 /* Frameworks */,
				E66406D12089FA39000431E5 /* Headers */,
				E66406D22089FA39000431E5 /* Resources */,
				E625EE64209082610019B750 /* ShellScript */,
			);
			buildRules = (
			);
			dependencies = (
			);
			name = FramesIos;
			productName = CheckoutSdkIos;
			productReference = E66406D42089FA39000431E5 /* FramesIos.framework */;
			productType = "com.apple.product-type.framework";
		};
		E6DED6E3208DF82500D5D70B /* FramesIosTests */ = {
			isa = PBXNativeTarget;
			buildConfigurationList = E6DED6EC208DF82500D5D70B /* Build configuration list for PBXNativeTarget "FramesIosTests" */;
			buildPhases = (
				03908BED798B911839FD17B1 /* [CP] Check Pods Manifest.lock */,
				E6DED6E0208DF82500D5D70B /* Sources */,
				E6DED6E1208DF82500D5D70B /* Frameworks */,
				E6DED6E2208DF82500D5D70B /* Resources */,
				8776F96C5898FCB126CC19D2 /* [CP] Embed Pods Frameworks */,
				E688024420921D1100220CE2 /* ShellScript */,
				E6AF0A1520AADFBB00D29929 /* CopyFiles */,
			);
			buildRules = (
			);
			dependencies = (
				E6DED6EB208DF82500D5D70B /* PBXTargetDependency */,
			);
			name = FramesIosTests;
			productName = CheckoutSdkIosTests;
			productReference = E6DED6E4208DF82500D5D70B /* FramesIosTests.xctest */;
			productType = "com.apple.product-type.bundle.unit-test";
		};
/* End PBXNativeTarget section */

/* Begin PBXProject section */
		E66406CB2089FA39000431E5 /* Project object */ = {
			isa = PBXProject;
			attributes = {
				LastSwiftUpdateCheck = 0930;
				LastUpgradeCheck = 0930;
				ORGANIZATIONNAME = Checkout;
				TargetAttributes = {
					E66406D32089FA39000431E5 = {
						CreatedOnToolsVersion = 9.3;
						LastSwiftMigration = 1100;
					};
					E6DED6E3208DF82500D5D70B = {
						CreatedOnToolsVersion = 9.3;
						LastSwiftMigration = 1100;
					};
				};
			};
			buildConfigurationList = E66406CE2089FA39000431E5 /* Build configuration list for PBXProject "FramesIos" */;
			compatibilityVersion = "Xcode 9.3";
			developmentRegion = en;
			hasScannedForEncodings = 0;
			knownRegions = (
				en,
				fr,
				es,
				de,
				it,
				nl,
				Base,
			);
			mainGroup = E66406CA2089FA39000431E5;
			productRefGroup = E66406D52089FA39000431E5 /* Products */;
			projectDirPath = "";
			projectRoot = "";
			targets = (
				E66406D32089FA39000431E5 /* FramesIos */,
				E6DED6E3208DF82500D5D70B /* FramesIosTests */,
			);
		};
/* End PBXProject section */

/* Begin PBXResourcesBuildPhase section */
		E66406D22089FA39000431E5 /* Resources */ = {
			isa = PBXResourcesBuildPhase;
			buildActionMask = 2147483647;
			files = (
				E6F6B57420ADC70A0091A8AF /* checkmarks in Resources */,
				E625EE5920907FFE0019B750 /* README.md in Resources */,
				8EA7FB6D2539B570002DF39F /* PhoneNumberMetadata.xml in Resources */,
				E6AD845A20F4C233009D8F00 /* Frames.podspec in Resources */,
				E625EE5C2090801C0019B750 /* CHANGELOG.md in Resources */,
				E6AF0A4320AB29D400D29929 /* Localizable.strings in Resources */,
				E658531720D7C83600C261D7 /* iOS Example.md in Resources */,
				E625EE63209080A40019B750 /* ISSUE_TEMPLATE.md in Resources */,
				E6AF0A3D20AAE46600D29929 /* schemes in Resources */,
				8EA7FB6E2539B570002DF39F /* PhoneNumberMetadata.json in Resources */,
				E6AF0A2F20AADFF700D29929 /* arrows in Resources */,
				E625EE672090926F0019B750 /* LICENSE in Resources */,
				E658531820D7C83600C261D7 /* iOS Example Frames.md in Resources */,
				E64B31E020D26A930088B7FD /* ckoCardToken.json in Resources */,
				E625EE5D2090801C0019B750 /* CONTRIBUTING.md in Resources */,
				E625EE62209080A40019B750 /* CODE_OF_CONDUCT.md in Resources */,
				E625EE61209080A40019B750 /* PULL_REQUEST_TEMPLATE.md in Resources */,
				E658531A20D7C84400C261D7 /* Customizing the Card View.md in Resources */,
			);
			runOnlyForDeploymentPostprocessing = 0;
		};
		E6DED6E2208DF82500D5D70B /* Resources */ = {
			isa = PBXResourcesBuildPhase;
			buildActionMask = 2147483647;
			files = (
				E64B31E120D26CBC0088B7FD /* ckoCardToken.json in Resources */,
				E631CB69209755FF00023472 /* cardTokenInvalidNumber.json in Resources */,
				E67AB9A5208F41AB00593FBE /* cardProviders.json in Resources */,
				E6F6B56F20AD832B0091A8AF /* applePayToken.json in Resources */,
				E6F6B57320ADC0BA0091A8AF /* checkmarks in Resources */,
				E6F6B57120ADBD230091A8AF /* applePayTokenInvalid.json in Resources */,
			);
			runOnlyForDeploymentPostprocessing = 0;
		};
/* End PBXResourcesBuildPhase section */

/* Begin PBXShellScriptBuildPhase section */
		03908BED798B911839FD17B1 /* [CP] Check Pods Manifest.lock */ = {
			isa = PBXShellScriptBuildPhase;
			buildActionMask = 2147483647;
			files = (
			);
			inputPaths = (
				"${PODS_PODFILE_DIR_PATH}/Podfile.lock",
				"${PODS_ROOT}/Manifest.lock",
			);
			name = "[CP] Check Pods Manifest.lock";
			outputPaths = (
				"$(DERIVED_FILE_DIR)/Pods-FramesIosTests-checkManifestLockResult.txt",
			);
			runOnlyForDeploymentPostprocessing = 0;
			shellPath = /bin/sh;
			shellScript = "diff \"${PODS_PODFILE_DIR_PATH}/Podfile.lock\" \"${PODS_ROOT}/Manifest.lock\" > /dev/null\nif [ $? != 0 ] ; then\n    # print error to STDERR\n    echo \"error: The sandbox is not in sync with the Podfile.lock. Run 'pod install' or update your CocoaPods installation.\" >&2\n    exit 1\nfi\n# This output is used by Xcode 'outputs' to avoid re-running this script phase.\necho \"SUCCESS\" > \"${SCRIPT_OUTPUT_FILE_0}\"\n";
			showEnvVarsInLog = 0;
		};
		82B777732C289CF63B24A560 /* [CP] Check Pods Manifest.lock */ = {
			isa = PBXShellScriptBuildPhase;
			buildActionMask = 2147483647;
			files = (
			);
			inputPaths = (
				"${PODS_PODFILE_DIR_PATH}/Podfile.lock",
				"${PODS_ROOT}/Manifest.lock",
			);
			name = "[CP] Check Pods Manifest.lock";
			outputPaths = (
				"$(DERIVED_FILE_DIR)/Pods-FramesIos-checkManifestLockResult.txt",
			);
			runOnlyForDeploymentPostprocessing = 0;
			shellPath = /bin/sh;
			shellScript = "diff \"${PODS_PODFILE_DIR_PATH}/Podfile.lock\" \"${PODS_ROOT}/Manifest.lock\" > /dev/null\nif [ $? != 0 ] ; then\n    # print error to STDERR\n    echo \"error: The sandbox is not in sync with the Podfile.lock. Run 'pod install' or update your CocoaPods installation.\" >&2\n    exit 1\nfi\n# This output is used by Xcode 'outputs' to avoid re-running this script phase.\necho \"SUCCESS\" > \"${SCRIPT_OUTPUT_FILE_0}\"\n";
			showEnvVarsInLog = 0;
		};
		8776F96C5898FCB126CC19D2 /* [CP] Embed Pods Frameworks */ = {
			isa = PBXShellScriptBuildPhase;
			buildActionMask = 2147483647;
			files = (
			);
			inputPaths = (
				"${SRCROOT}/Pods/Target Support Files/Pods-FramesIosTests/Pods-FramesIosTests-frameworks.sh",
				"${BUILT_PRODUCTS_DIR}/Mockingjay/Mockingjay.framework",
				"${BUILT_PRODUCTS_DIR}/URITemplate/URITemplate.framework",
			);
			name = "[CP] Embed Pods Frameworks";
			outputPaths = (
				"${TARGET_BUILD_DIR}/${FRAMEWORKS_FOLDER_PATH}/Mockingjay.framework",
				"${TARGET_BUILD_DIR}/${FRAMEWORKS_FOLDER_PATH}/URITemplate.framework",
			);
			runOnlyForDeploymentPostprocessing = 0;
			shellPath = /bin/sh;
			shellScript = "\"${SRCROOT}/Pods/Target Support Files/Pods-FramesIosTests/Pods-FramesIosTests-frameworks.sh\"\n";
			showEnvVarsInLog = 0;
		};
		E625EE64209082610019B750 /* ShellScript */ = {
			isa = PBXShellScriptBuildPhase;
			buildActionMask = 2147483647;
			files = (
			);
			inputPaths = (
			);
			outputPaths = (
			);
			runOnlyForDeploymentPostprocessing = 0;
			shellPath = /bin/sh;
			shellScript = "if which swiftlint >/dev/null; then\n    swiftlint\nelse\n    echo \"warning: SwiftLint not installed, download from https://github.com/realm/SwiftLint\"\nfi";
		};
		E688024420921D1100220CE2 /* ShellScript */ = {
			isa = PBXShellScriptBuildPhase;
			buildActionMask = 2147483647;
			files = (
			);
			inputPaths = (
			);
			outputPaths = (
			);
			runOnlyForDeploymentPostprocessing = 0;
			shellPath = /bin/sh;
			shellScript = "if which swiftlint >/dev/null; then\n    swiftlint\nelse\n    echo \"warning: SwiftLint not installed, download from https://github.com/realm/SwiftLint\"\nfi";
		};
/* End PBXShellScriptBuildPhase section */

/* Begin PBXSourcesBuildPhase section */
		E66406CF2089FA39000431E5 /* Sources */ = {
			isa = PBXSourcesBuildPhase;
			buildActionMask = 2147483647;
			files = (
				8EA7FB772539B570002DF39F /* PhoneNumberKit.swift in Sources */,
				E64B321220D3D15A0088B7FD /* StringExtensions.swift in Sources */,
				E631CB7F2098B5C000023472 /* ExpirationDatePicker.swift in Sources */,
				E6DC28F820A19F3C009FA38B /* DetailsInputView.swift in Sources */,
				E683728E209C6CB000C11D67 /* CheckoutSdkIos.swift in Sources */,
				8EA7FB682539B570002DF39F /* PhoneNumber.swift in Sources */,
				8EA7FB752539B570002DF39F /* PartialFormatter.swift in Sources */,
				E680EBCD20A9E75C000BEED8 /* CardListCell.swift in Sources */,
				E6640710208DD550000431E5 /* CheckoutAPIClient.swift in Sources */,
				E653FF0020C59CCC002E4790 /* CvvConfirmationViewController.swift in Sources */,
				8EA7FB792539B570002DF39F /* PhoneNumberParser.swift in Sources */,
				E602EE87209D868E00CC62A2 /* Request.swift in Sources */,
				8EA7FB6B2539B570002DF39F /* MetadataParsing.swift in Sources */,
				E6640721208DE2AA000431E5 /* CardUtils.swift in Sources */,
				CF0E2BDE2366039C000C3418 /* Customer.swift in Sources */,
				E6837288209C62A200C11D67 /* ExpirationDateInputView.swift in Sources */,
				8EA7FB722539B570002DF39F /* NSRegularExpression+Swift.swift in Sources */,
				E602EE7F209D862700CC62A2 /* MultipartFormData.swift in Sources */,
				E6837286209C628B00C11D67 /* CardNumberInputView.swift in Sources */,
				E683728A209C62B300C11D67 /* StandardInputView.swift in Sources */,
				E602EE8F209D86D200CC62A2 /* ServerTrustPolicy.swift in Sources */,
				E61D068C20C02714007FC847 /* ThreedsWebViewController.swift in Sources */,
				E602EE7D209D861300CC62A2 /* DispatchQueue+Alamofire.swift in Sources */,
				E602EE81209D863F00CC62A2 /* NetworkReachabilityManager.swift in Sources */,
				E6D0208721943DE10025D0C0 /* CheckoutTheme.swift in Sources */,
				8EA7FB6C2539B570002DF39F /* ParseManager.swift in Sources */,
				E602EE97209D871D00CC62A2 /* Timeline.swift in Sources */,
				E632AAB520B4567C00D2B9B6 /* UIViewControllerExtensions.swift in Sources */,
				E6DC28FE20A1E0E7009FA38B /* UIViewExtensions.swift in Sources */,
				E664071F208DE199000431E5 /* CardScheme.swift in Sources */,
				E602EE7B209D85E200CC62A2 /* AFError.swift in Sources */,
				E6BEBDB920C15EE800C3130A /* CkoPhoneNumber.swift in Sources */,
				8EA7FB672539B570002DF39F /* Bundle+Resources.swift in Sources */,
				E664071D208DE174000431E5 /* CardType.swift in Sources */,
				8EA7FB762539B570002DF39F /* PhoneNumberFormatter.swift in Sources */,
				E6DC28FB20A1D9EE009FA38B /* CountrySelectionViewController.swift in Sources */,
				E602EE8D209D86C200CC62A2 /* Result.swift in Sources */,
				E6646FBA20CEA78F00D8353A /* CkoCardTokenResponse.swift in Sources */,
				8EA7FB642539B570002DF39F /* Constants.swift in Sources */,
				E631CB6F2097713C00023472 /* ErrorResponse.swift in Sources */,
				E602EE91209D86E200CC62A2 /* SessionDelegate.swift in Sources */,
				E632AAC220B58CE900D2B9B6 /* InputState.swift in Sources */,
				E602EE89209D869E00CC62A2 /* Response.swift in Sources */,
				E6DC290020A1F6D3009FA38B /* CountrySelectionViewControllerDelegate.swift in Sources */,
				E602EE79209D857900CC62A2 /* Alamofire.swift in Sources */,
				CF0E2BE02366039C000C3418 /* CustomerCard.swift in Sources */,
				E625EE53208F905E0019B750 /* Environment.swift in Sources */,
				CF0E2BDF2366039C000C3418 /* CustomerCardList.swift in Sources */,
				E67AB996208E1CF100593FBE /* CardProviderResponse.swift in Sources */,
				E631CB812098B5D900023472 /* ExpirationDatePickerDelegate.swift in Sources */,
				E61101A720C98B83000BB9F4 /* AddressView.swift in Sources */,
				E653FEFE20C58FA9002E4790 /* SimpleLoadingViewController.swift in Sources */,
				E632AAB220AECA9500D2B9B6 /* UIResponderExtensions.swift in Sources */,
				E611019D20C9217E000BB9F4 /* CvvConfirmationViewControllerDelegate.swift in Sources */,
				E653FEFC20C583A2002E4790 /* CardListCellName.swift in Sources */,
				E6BEBDBE20C171FA00C3130A /* ApplePayTokenRequest.swift in Sources */,
				E63352E120A45C07002C61C0 /* CardViewController.swift in Sources */,
				E602EE85209D867700CC62A2 /* ParameterEncoding.swift in Sources */,
				E664702620CEDD7500D8353A /* PhoneNumberInputView.swift in Sources */,
				8EA7FB652539B570002DF39F /* CountryCodePickerViewController.swift in Sources */,
				E602EE99209D872B00CC62A2 /* Validation.swift in Sources */,
				E63352E720A4B252002C61C0 /* CardViewControllerDelegate.swift in Sources */,
				E664071B208DE11D000431E5 /* Endpoint.swift in Sources */,
				E602EE83209D866300CC62A2 /* Notifications.swift in Sources */,
				8EA7FB742539B570002DF39F /* MetadataManager.swift in Sources */,
				E602EE95209D870700CC62A2 /* TaskDelegate.swift in Sources */,
				E6646FB820CE9FD400D8353A /* CkoAddress.swift in Sources */,
				E67AB994208E1CC600593FBE /* CardProvider.swift in Sources */,
				E6FC284B20DA62C500809458 /* CvvInputViewDelegate.swift in Sources */,
				E61D068E20C0277D007FC847 /* ThreedsWebViewControllerDelegate.swift in Sources */,
				E61D069120C049BD007FC847 /* CardNumberInputViewDelegate.swift in Sources */,
				8EA7FB692539B570002DF39F /* RegexManager.swift in Sources */,
				8EA7FB732539B570002DF39F /* Formatter.swift in Sources */,
				E632AAC020B57EDF00D2B9B6 /* CvvInputView.swift in Sources */,
				E61101A120C95880000BB9F4 /* SchemeIconsStackView.swift in Sources */,
				E602EE8B209D86B000CC62A2 /* ResponseSerialization.swift in Sources */,
				E67AB8D2219C34E80049ADAA /* CheckoutTokenStatus.swift in Sources */,
				8EA7FB662539B570002DF39F /* PhoneNumberTextField.swift in Sources */,
				E63352D820A2EE09002C61C0 /* AddressViewController.swift in Sources */,
				E63352DB20A34992002C61C0 /* AddressViewControllerDelegate.swift in Sources */,
				8EA7FB6A2539B570002DF39F /* MetadataTypes.swift in Sources */,
				E6646FB620CE9E5900D8353A /* CkoCardTokenRequest.swift in Sources */,
				E61101A920C9970D000BB9F4 /* CardView.swift in Sources */,
				E602EE93209D86F100CC62A2 /* SessionManager.swift in Sources */,
			);
			runOnlyForDeploymentPostprocessing = 0;
		};
		E6DED6E0208DF82500D5D70B /* Sources */ = {
			isa = PBXSourcesBuildPhase;
			buildActionMask = 2147483647;
			files = (
				E67AB96E208DF9D800593FBE /* CardUtilsTests.swift in Sources */,
				E6AF0A0A20AACEFA00D29929 /* AddressViewControllerTests.swift in Sources */,
				E658531C20D7DF6100C261D7 /* CvvConfirmationViewControllerTests.swift in Sources */,
				E658532820D80AF600C261D7 /* CardViewControllerMockDelegate.swift in Sources */,
				E6AF0A0E20AACF3A00D29929 /* CardNumberInputViewTests.swift in Sources */,
				E6AF0A4F20AB448700D29929 /* DetailsInputViewTests.swift in Sources */,
				E632AABA20B5779B00D2B9B6 /* AddressViewControllerMock.swift in Sources */,
				E632AABE20B578FF00D2B9B6 /* NotificationCenterMock.swift in Sources */,
				E658532A20D80B3700C261D7 /* CvvInputViewMockDelegate.swift in Sources */,
				E658532420D8099A00C261D7 /* CardNumberInputViewMockDelegate.swift in Sources */,
				E658532020D8072600C261D7 /* NavigationControllerMock.swift in Sources */,
				E6AF0A0C20AACF2100D29929 /* CountrySelectionViewControllerTests.swift in Sources */,
				E6AF0A3F20AAF3E200D29929 /* CardViewControllerTests.swift in Sources */,
				E608734620C689BB004E280C /* ThreedsWebViewControllerTests.swift in Sources */,
				E64B31E320D26EE80088B7FD /* CardViewTests.swift in Sources */,
				E658532620D80A9000C261D7 /* CvvViewControllerDelegateMock.swift in Sources */,
				E64B31DE20D2642E0088B7FD /* PhoneNumberInputViewTests.swift in Sources */,
				E6AF0A0620AACE8A00D29929 /* ExpirationDatePickerTests.swift in Sources */,
				E632AABC20B578B200D2B9B6 /* CardViewControllerMock.swift in Sources */,
				E658531E20D7FFAE00C261D7 /* CardListCellNameTests.swift in Sources */,
				E64B31EC20D2D2FF0088B7FD /* AddressViewTests.swift in Sources */,
				E6AF0A1020AAD00600D29929 /* ExpirationDateInputViewTests.swift in Sources */,
				E67AB998208E2BBA00593FBE /* CheckoutAPIClientTests.swift in Sources */,
				E6FC280020D8F68300809458 /* SimpleLoadingViewControllerTests.swift in Sources */,
				E64B31DC20D1810F0088B7FD /* SchemeIconsStackViewTests.swift in Sources */,
				E658532220D8076E00C261D7 /* AddressViewControllerMockDelegate.swift in Sources */,
				E6AF0A0820AACEC300D29929 /* CardListCellTests.swift in Sources */,
				E6AF0A1220AADA9A00D29929 /* StandardInputViewTests.swift in Sources */,
				E670A86720CA9722002348A5 /* CvvInputViewTests.swift in Sources */,
			);
			runOnlyForDeploymentPostprocessing = 0;
		};
/* End PBXSourcesBuildPhase section */

/* Begin PBXTargetDependency section */
		E6DED6EB208DF82500D5D70B /* PBXTargetDependency */ = {
			isa = PBXTargetDependency;
			target = E66406D32089FA39000431E5 /* FramesIos */;
			targetProxy = E6DED6EA208DF82500D5D70B /* PBXContainerItemProxy */;
		};
/* End PBXTargetDependency section */

/* Begin PBXVariantGroup section */
		E6AF0A4520AB29D400D29929 /* Localizable.strings */ = {
			isa = PBXVariantGroup;
			children = (
				E6AF0A4420AB29D400D29929 /* en */,
				E6AF0A4620AB29EB00D29929 /* fr */,
				E6AF0A4A20AB3C8D00D29929 /* es */,
				E6AF0A4B20AB3C9300D29929 /* de */,
				E6AF0A4C20AB3C9800D29929 /* it */,
				E6AF0A4D20AB3C9D00D29929 /* nl */,
			);
			name = Localizable.strings;
			sourceTree = "<group>";
		};
/* End PBXVariantGroup section */

/* Begin XCBuildConfiguration section */
		E66406DA2089FA39000431E5 /* Debug */ = {
			isa = XCBuildConfiguration;
			buildSettings = {
				ALWAYS_SEARCH_USER_PATHS = NO;
				CLANG_ANALYZER_LOCALIZABILITY_NONLOCALIZED = YES;
				CLANG_ANALYZER_NONNULL = YES;
				CLANG_ANALYZER_NUMBER_OBJECT_CONVERSION = YES_AGGRESSIVE;
				CLANG_CXX_LANGUAGE_STANDARD = "gnu++14";
				CLANG_CXX_LIBRARY = "libc++";
				CLANG_ENABLE_MODULES = YES;
				CLANG_ENABLE_OBJC_ARC = YES;
				CLANG_ENABLE_OBJC_WEAK = YES;
				CLANG_WARN_BLOCK_CAPTURE_AUTORELEASING = YES;
				CLANG_WARN_BOOL_CONVERSION = YES;
				CLANG_WARN_COMMA = YES;
				CLANG_WARN_CONSTANT_CONVERSION = YES;
				CLANG_WARN_DEPRECATED_OBJC_IMPLEMENTATIONS = YES;
				CLANG_WARN_DIRECT_OBJC_ISA_USAGE = YES_ERROR;
				CLANG_WARN_DOCUMENTATION_COMMENTS = YES;
				CLANG_WARN_EMPTY_BODY = YES;
				CLANG_WARN_ENUM_CONVERSION = YES;
				CLANG_WARN_INFINITE_RECURSION = YES;
				CLANG_WARN_INT_CONVERSION = YES;
				CLANG_WARN_NON_LITERAL_NULL_CONVERSION = YES;
				CLANG_WARN_OBJC_IMPLICIT_RETAIN_SELF = YES;
				CLANG_WARN_OBJC_LITERAL_CONVERSION = YES;
				CLANG_WARN_OBJC_ROOT_CLASS = YES_ERROR;
				CLANG_WARN_RANGE_LOOP_ANALYSIS = YES;
				CLANG_WARN_STRICT_PROTOTYPES = YES;
				CLANG_WARN_SUSPICIOUS_MOVE = YES;
				CLANG_WARN_UNGUARDED_AVAILABILITY = YES_AGGRESSIVE;
				CLANG_WARN_UNREACHABLE_CODE = YES;
				CLANG_WARN__DUPLICATE_METHOD_MATCH = YES;
				CODE_SIGN_IDENTITY = "iPhone Developer";
				COPY_PHASE_STRIP = NO;
				CURRENT_PROJECT_VERSION = 1;
				DEBUG_INFORMATION_FORMAT = dwarf;
				ENABLE_STRICT_OBJC_MSGSEND = YES;
				ENABLE_TESTABILITY = YES;
				GCC_C_LANGUAGE_STANDARD = gnu11;
				GCC_DYNAMIC_NO_PIC = NO;
				GCC_NO_COMMON_BLOCKS = YES;
				GCC_OPTIMIZATION_LEVEL = 0;
				GCC_PREPROCESSOR_DEFINITIONS = (
					"DEBUG=1",
					"$(inherited)",
				);
				GCC_WARN_64_TO_32_BIT_CONVERSION = YES;
				GCC_WARN_ABOUT_RETURN_TYPE = YES_ERROR;
				GCC_WARN_UNDECLARED_SELECTOR = YES;
				GCC_WARN_UNINITIALIZED_AUTOS = YES_AGGRESSIVE;
				GCC_WARN_UNUSED_FUNCTION = YES;
				GCC_WARN_UNUSED_VARIABLE = YES;
				IPHONEOS_DEPLOYMENT_TARGET = 11.0;
				MTL_ENABLE_DEBUG_INFO = YES;
				ONLY_ACTIVE_ARCH = YES;
				SDKROOT = iphoneos;
				SWIFT_ACTIVE_COMPILATION_CONDITIONS = DEBUG;
				SWIFT_OPTIMIZATION_LEVEL = "-Onone";
				VERSIONING_SYSTEM = "apple-generic";
				VERSION_INFO_PREFIX = "";
			};
			name = Debug;
		};
		E66406DB2089FA39000431E5 /* Release */ = {
			isa = XCBuildConfiguration;
			buildSettings = {
				ALWAYS_SEARCH_USER_PATHS = NO;
				CLANG_ANALYZER_LOCALIZABILITY_NONLOCALIZED = YES;
				CLANG_ANALYZER_NONNULL = YES;
				CLANG_ANALYZER_NUMBER_OBJECT_CONVERSION = YES_AGGRESSIVE;
				CLANG_CXX_LANGUAGE_STANDARD = "gnu++14";
				CLANG_CXX_LIBRARY = "libc++";
				CLANG_ENABLE_MODULES = YES;
				CLANG_ENABLE_OBJC_ARC = YES;
				CLANG_ENABLE_OBJC_WEAK = YES;
				CLANG_WARN_BLOCK_CAPTURE_AUTORELEASING = YES;
				CLANG_WARN_BOOL_CONVERSION = YES;
				CLANG_WARN_COMMA = YES;
				CLANG_WARN_CONSTANT_CONVERSION = YES;
				CLANG_WARN_DEPRECATED_OBJC_IMPLEMENTATIONS = YES;
				CLANG_WARN_DIRECT_OBJC_ISA_USAGE = YES_ERROR;
				CLANG_WARN_DOCUMENTATION_COMMENTS = YES;
				CLANG_WARN_EMPTY_BODY = YES;
				CLANG_WARN_ENUM_CONVERSION = YES;
				CLANG_WARN_INFINITE_RECURSION = YES;
				CLANG_WARN_INT_CONVERSION = YES;
				CLANG_WARN_NON_LITERAL_NULL_CONVERSION = YES;
				CLANG_WARN_OBJC_IMPLICIT_RETAIN_SELF = YES;
				CLANG_WARN_OBJC_LITERAL_CONVERSION = YES;
				CLANG_WARN_OBJC_ROOT_CLASS = YES_ERROR;
				CLANG_WARN_RANGE_LOOP_ANALYSIS = YES;
				CLANG_WARN_STRICT_PROTOTYPES = YES;
				CLANG_WARN_SUSPICIOUS_MOVE = YES;
				CLANG_WARN_UNGUARDED_AVAILABILITY = YES_AGGRESSIVE;
				CLANG_WARN_UNREACHABLE_CODE = YES;
				CLANG_WARN__DUPLICATE_METHOD_MATCH = YES;
				CODE_SIGN_IDENTITY = "iPhone Developer";
				COPY_PHASE_STRIP = NO;
				CURRENT_PROJECT_VERSION = 1;
				DEBUG_INFORMATION_FORMAT = "dwarf-with-dsym";
				ENABLE_NS_ASSERTIONS = NO;
				ENABLE_STRICT_OBJC_MSGSEND = YES;
				GCC_C_LANGUAGE_STANDARD = gnu11;
				GCC_NO_COMMON_BLOCKS = YES;
				GCC_WARN_64_TO_32_BIT_CONVERSION = YES;
				GCC_WARN_ABOUT_RETURN_TYPE = YES_ERROR;
				GCC_WARN_UNDECLARED_SELECTOR = YES;
				GCC_WARN_UNINITIALIZED_AUTOS = YES_AGGRESSIVE;
				GCC_WARN_UNUSED_FUNCTION = YES;
				GCC_WARN_UNUSED_VARIABLE = YES;
				IPHONEOS_DEPLOYMENT_TARGET = 11.0;
				MTL_ENABLE_DEBUG_INFO = NO;
				SDKROOT = iphoneos;
				SWIFT_COMPILATION_MODE = wholemodule;
				SWIFT_OPTIMIZATION_LEVEL = "-O";
				VALIDATE_PRODUCT = YES;
				VERSIONING_SYSTEM = "apple-generic";
				VERSION_INFO_PREFIX = "";
			};
			name = Release;
		};
		E66406DD2089FA39000431E5 /* Debug */ = {
			isa = XCBuildConfiguration;
			baseConfigurationReference = 3370A09BC52FB4744D61DE9C /* Pods-FramesIos.debug.xcconfig */;
			buildSettings = {
				APPLICATION_EXTENSION_API_ONLY = NO;
				CLANG_ENABLE_MODULES = YES;
				CODE_SIGN_IDENTITY = "";
				CODE_SIGN_STYLE = Automatic;
				DEFINES_MODULE = YES;
				DYLIB_COMPATIBILITY_VERSION = 1;
				DYLIB_CURRENT_VERSION = 1;
				DYLIB_INSTALL_NAME_BASE = "@rpath";
				INFOPLIST_FILE = "$(SRCROOT)/Source/Info.plist";
				INSTALL_PATH = "$(LOCAL_LIBRARY_DIR)/Frameworks";
				IPHONEOS_DEPLOYMENT_TARGET = 10.0;
				LD_RUNPATH_SEARCH_PATHS = (
					"$(inherited)",
					"@executable_path/Frameworks",
					"@loader_path/Frameworks",
				);
				PRODUCT_BUNDLE_IDENTIFIER = com.checkout.CheckoutSdkIos;
				PRODUCT_NAME = "$(TARGET_NAME:c99extidentifier)";
				SKIP_INSTALL = YES;
				SWIFT_OPTIMIZATION_LEVEL = "-Onone";
				SWIFT_VERSION = 5.0;
				TARGETED_DEVICE_FAMILY = "1,2";
			};
			name = Debug;
		};
		E66406DE2089FA39000431E5 /* Release */ = {
			isa = XCBuildConfiguration;
			baseConfigurationReference = 6268AF6F3674C5D4B9AB1E4C /* Pods-FramesIos.release.xcconfig */;
			buildSettings = {
				APPLICATION_EXTENSION_API_ONLY = NO;
				CLANG_ENABLE_MODULES = YES;
				CODE_SIGN_IDENTITY = "";
				CODE_SIGN_STYLE = Automatic;
				DEFINES_MODULE = YES;
				DYLIB_COMPATIBILITY_VERSION = 1;
				DYLIB_CURRENT_VERSION = 1;
				DYLIB_INSTALL_NAME_BASE = "@rpath";
				INFOPLIST_FILE = "$(SRCROOT)/Source/Info.plist";
				INSTALL_PATH = "$(LOCAL_LIBRARY_DIR)/Frameworks";
				IPHONEOS_DEPLOYMENT_TARGET = 10.0;
				LD_RUNPATH_SEARCH_PATHS = (
					"$(inherited)",
					"@executable_path/Frameworks",
					"@loader_path/Frameworks",
				);
				PRODUCT_BUNDLE_IDENTIFIER = com.checkout.CheckoutSdkIos;
				PRODUCT_NAME = "$(TARGET_NAME:c99extidentifier)";
				SKIP_INSTALL = YES;
				SWIFT_VERSION = 5.0;
				TARGETED_DEVICE_FAMILY = "1,2";
			};
			name = Release;
		};
		E6DED6ED208DF82500D5D70B /* Debug */ = {
			isa = XCBuildConfiguration;
			baseConfigurationReference = 7A05DCA3DA23A5B90A28088B /* Pods-FramesIosTests.debug.xcconfig */;
			buildSettings = {
				CLANG_ENABLE_MODULES = YES;
				CODE_SIGN_STYLE = Automatic;
				INFOPLIST_FILE = Tests/Info.plist;
				LD_RUNPATH_SEARCH_PATHS = (
					"$(inherited)",
					"@executable_path/Frameworks",
					"@loader_path/Frameworks",
				);
				PRODUCT_BUNDLE_IDENTIFIER = com.checkout.CheckoutSdkIosTests;
				PRODUCT_NAME = "$(TARGET_NAME)";
				SWIFT_OBJC_BRIDGING_HEADER = "";
				SWIFT_OPTIMIZATION_LEVEL = "-Onone";
				SWIFT_VERSION = 5.0;
				TARGETED_DEVICE_FAMILY = "1,2";
			};
			name = Debug;
		};
		E6DED6EE208DF82500D5D70B /* Release */ = {
			isa = XCBuildConfiguration;
			baseConfigurationReference = 8DBAC9EA5BF3D8D794691344 /* Pods-FramesIosTests.release.xcconfig */;
			buildSettings = {
				CLANG_ENABLE_MODULES = YES;
				CODE_SIGN_STYLE = Automatic;
				INFOPLIST_FILE = Tests/Info.plist;
				LD_RUNPATH_SEARCH_PATHS = (
					"$(inherited)",
					"@executable_path/Frameworks",
					"@loader_path/Frameworks",
				);
				PRODUCT_BUNDLE_IDENTIFIER = com.checkout.CheckoutSdkIosTests;
				PRODUCT_NAME = "$(TARGET_NAME)";
				SWIFT_OBJC_BRIDGING_HEADER = "";
				SWIFT_VERSION = 5.0;
				TARGETED_DEVICE_FAMILY = "1,2";
			};
			name = Release;
		};
/* End XCBuildConfiguration section */

/* Begin XCConfigurationList section */
		E66406CE2089FA39000431E5 /* Build configuration list for PBXProject "FramesIos" */ = {
			isa = XCConfigurationList;
			buildConfigurations = (
				E66406DA2089FA39000431E5 /* Debug */,
				E66406DB2089FA39000431E5 /* Release */,
			);
			defaultConfigurationIsVisible = 0;
			defaultConfigurationName = Release;
		};
		E66406DC2089FA39000431E5 /* Build configuration list for PBXNativeTarget "FramesIos" */ = {
			isa = XCConfigurationList;
			buildConfigurations = (
				E66406DD2089FA39000431E5 /* Debug */,
				E66406DE2089FA39000431E5 /* Release */,
			);
			defaultConfigurationIsVisible = 0;
			defaultConfigurationName = Release;
		};
		E6DED6EC208DF82500D5D70B /* Build configuration list for PBXNativeTarget "FramesIosTests" */ = {
			isa = XCConfigurationList;
			buildConfigurations = (
				E6DED6ED208DF82500D5D70B /* Debug */,
				E6DED6EE208DF82500D5D70B /* Release */,
			);
			defaultConfigurationIsVisible = 0;
			defaultConfigurationName = Release;
		};
/* End XCConfigurationList section */
	};
	rootObject = E66406CB2089FA39000431E5 /* Project object */;
}
