{
  "object": {
    "pins": [
      {
        "package": "Alamofire",
        "repositoryURL": "https://github.com/Alamofire/Alamofire.git",
        "state": {
          "branch": null,
          "revision": "eaf6e622dd41b07b251d8f01752eab31bc811493",
          "version": "5.4.1"
        }
      },
      {
        "package": "Frames",
        "repositoryURL": "https://github.com/checkout/frames-ios",
        "state": {
          "branch": "bug/fix-spm-resources",
          "revision": "74e26dd6033b6ea64c64385e1aa7bc8996d660c8",
          "version": null
        }
      },
      {
        "package": "PhoneNumberKit",
        "repositoryURL": "https://github.com/marmelroy/PhoneNumberKit.git",
        "state": {
          "branch": null,
          "revision": "1ef0431b971f69c48ca5eb4cdba07f2c5da54c35",
          "version": "3.3.3"
        }
      }
    ]
  },
  "version": 1
}
