PODS:
  - Checkout (3.5.2):
    - CheckoutEventLoggerKit (= 1.2.0)
  - Checkout/Integration-Tests (3.5.2):
    - CheckoutEventLoggerKit (= 1.2.0)
  - Checkout/Tests (3.5.2):
    - CheckoutEventLoggerKit (= 1.2.0)
  - CheckoutEventLoggerKit (1.2.0)

DEPENDENCIES:
  - Checkout (from `../../`)
  - Checkout/Integration-Tests (from `../../`)
  - Checkout/Tests (from `../../`)

SPEC REPOS:
  trunk:
    - CheckoutEventLoggerKit

EXTERNAL SOURCES:
  Checkout:
    :path: "../../"

SPEC CHECKSUMS:
  Checkout: c63bfe8bbc522b7bef5c64f9a39ff519e90ef564
  CheckoutEventLoggerKit: 03d0076e2aa412df966517a36a3e4e3805b56ecb

PODFILE CHECKSUM: b9ae931222884ca7e4b71ce05bc3f45054bc1c20

COCOAPODS: 1.11.3
